// !$*UTF8*$!
{
	archiveVersion = 1;
	classes = {
	};
	objectVersion = 42;
	objects = {
		D7BA7D76DAB5DD13389D6332 = {
			buildActionMask = 2147483647;
			files = (
				);
			generatedFileNames = (
				);
			isa = PBXShellScriptBuildPhase;
			name = "Qt Qmake";
			neededFileNames = (
				);
			shellPath = "/bin/sh";
			shellScript = "make\ -C\ /Users/gipsonb/Projects/2dx-stable/lib/src/mrcImage\ -f\ mrcImage.xcodeproj/qt_makeqmake.mak";
		};
		B3076E30D920B2A3CF1BFC66 = {
			isa = PBXFileReference;
			name = "threadedLoad.cpp";
			path = "threadedLoad.cpp";
			refType = 4;
			lastKnownFileType = "sourcecode.cpp.cpp";
		};
		BCCED40BF10884D6B8F735E9 = {
			fileRef = "B3076E30D920B2A3CF1BFC66";
			isa = PBXBuildFile;
			settings = {
				ATTRIBUTES = (
					);
			};
		};
		668D59FF5CEC0B001FCC217E = {
			isa = PBXFileReference;
			name = "mrcImage.cpp";
			path = "mrcImage.cpp";
			refType = 4;
			lastKnownFileType = "sourcecode.cpp.cpp";
		};
		2265EFC4161BC0D8AAB31CB0 = {
			fileRef = "668D59FF5CEC0B001FCC217E";
			isa = PBXBuildFile;
			settings = {
				ATTRIBUTES = (
					);
			};
		};
		8FE8C095A0B149D675B25DE4 = {
			isa = PBXFileReference;
			name = "largeMRC.cpp";
			path = "largeMRC.cpp";
			refType = 4;
			lastKnownFileType = "sourcecode.cpp.cpp";
		};
		ACADAB7B4977E093A07B65F1 = {
			fileRef = "8FE8C095A0B149D675B25DE4";
			isa = PBXBuildFile;
			settings = {
				ATTRIBUTES = (
					);
			};
		};
		0A1B14F73501D763E7FC8948 = {
			isa = PBXFileReference;
			name = "mrcHeader.cpp";
			path = "mrcHeader.cpp";
			refType = 4;
			lastKnownFileType = "sourcecode.cpp.cpp";
		};
		FCFD9C674E8613A5D12A49BA = {
			fileRef = "0A1B14F73501D763E7FC8948";
			isa = PBXBuildFile;
			settings = {
				ATTRIBUTES = (
					);
			};
		};
		F19991F6E41B793D1AE6E270 = {
			isa = PBXFileReference;
			name = "moc_mrcImage.cpp";
			path = "moc_mrcImage.cpp";
			refType = 4;
			lastKnownFileType = "sourcecode.cpp.cpp";
		};
		3DBAEAA1070FB10DC830D913 = {
			fileRef = "F19991F6E41B793D1AE6E270";
			isa = PBXBuildFile;
			settings = {
				ATTRIBUTES = (
					);
			};
		};
		39591FFF83167BA008A36C12 = {
			isa = PBXFileReference;
			name = "moc_largeMRC.cpp";
			path = "moc_largeMRC.cpp";
			refType = 4;
			lastKnownFileType = "sourcecode.cpp.cpp";
		};
		6CC29BCC7B78B9D0F62CEA7A = {
			fileRef = "39591FFF83167BA008A36C12";
			isa = PBXBuildFile;
			settings = {
				ATTRIBUTES = (
					);
			};
		};
		58D862832FE2362C0F9BF1C2 = {
			isa = PBXFileReference;
			name = "threadedLoad.h";
			path = "../../../include/threadedLoad.h";
			refType = 4;
		};
		943FCF3AD0890BE6D706FA30 = {
			isa = PBXFileReference;
			name = "mrcImage.h";
			path = "../../../include/mrcImage.h";
			refType = 4;
		};
		FA8288AE2904379AE7ED0E22 = {
			isa = PBXFileReference;
			name = "mrcHeader.h";
			path = "../../../include/mrcHeader.h";
			refType = 4;
		};
		DF0555BF1F5D692E81CF3923 = {
			isa = PBXFileReference;
			name = "largeMRC.h";
			path = "../../../include/largeMRC.h";
			refType = 4;
		};
		E5EFC0242E5262E8D151D7DE = {
			isa = PBXFileReference;
			name = "qmake.pro";
			path = "qmake.pro";
			refType = 4;
		};
		883D7615C4D2DE3FA1218F12 = {
			isa = PBXGroup;
			children = (
				"4458B98565818D7E2682FA2D");
			name = "Headers";
			refType = 4;
		};
		4458B98565818D7E2682FA2D = {
			isa = PBXGroup;
			children = (
				"E11BEA6A53EB481066C2098B");
			name = "..";
			refType = 4;
		};
		E11BEA6A53EB481066C2098B = {
			isa = PBXGroup;
			children = (
				"40D97C4913EA545E34765B97");
			name = "..";
			refType = 4;
		};
		40D97C4913EA545E34765B97 = {
			isa = PBXGroup;
			children = (
				"6527C0E65E2B4740EA206FB1");
			name = "..";
			refType = 4;
		};
		6527C0E65E2B4740EA206FB1 = {
			isa = PBXGroup;
			children = (
				"58D862832FE2362C0F9BF1C2",
				"943FCF3AD0890BE6D706FA30",
				"FA8288AE2904379AE7ED0E22",
				"DF0555BF1F5D692E81CF3923");
			name = "include";
			refType = 4;
		};
		FB61758D0F0FDA4BA867C3D5 = {
			isa = PBXGroup;
			children = (
				"B3076E30D920B2A3CF1BFC66",
				"668D59FF5CEC0B001FCC217E",
				"8FE8C095A0B149D675B25DE4",
				"0A1B14F73501D763E7FC8948");
			name = "Sources";
			refType = 4;
		};
		7CABE3C80E79AD2B307756D2 = {
			isa = PBXGroup;
			children = (
				"E5EFC0242E5262E8D151D7DE");
			name = "Sources [qmake]";
			refType = 4;
		};
		46E892BBB6BB6952967E0561 = {
			isa = PBXGroup;
			children = (
				"F19991F6E41B793D1AE6E270",
				"39591FFF83167BA008A36C12");
			name = "Temporary Sources";
			refType = 4;
		};
		A0A52A2ADF7A1E2A99738674 = {
			buildActionMask = 2147483647;
			files = (
				);
			generatedFileNames = (
				"BCCED40BF10884D6B8F735E9",
				"2265EFC4161BC0D8AAB31CB0",
				"ACADAB7B4977E093A07B65F1",
				"FCFD9C674E8613A5D12A49BA",
				"3DBAEAA1070FB10DC830D913",
				"6CC29BCC7B78B9D0F62CEA7A");
			isa = PBXShellScriptBuildPhase;
			name = "Qt Preprocessors";
			neededFileNames = (
				"BCCED40BF10884D6B8F735E9",
				"2265EFC4161BC0D8AAB31CB0",
				"ACADAB7B4977E093A07B65F1",
				"FCFD9C674E8613A5D12A49BA",
				"3DBAEAA1070FB10DC830D913",
				"6CC29BCC7B78B9D0F62CEA7A");
			shellPath = "/bin/sh";
			shellScript = "make\ -C\ /Users/gipsonb/Projects/2dx-stable/lib/src/mrcImage\ -f\ mrcImage.xcodeproj/qt_preprocess.mak";
		};
		C29B8785722055ED95EF7B57 = {
			buildActionMask = 2147483647;
			files = (
				"BCCED40BF10884D6B8F735E9",
				"2265EFC4161BC0D8AAB31CB0",
				"ACADAB7B4977E093A07B65F1",
				"FCFD9C674E8613A5D12A49BA",
				"3DBAEAA1070FB10DC830D913",
				"6CC29BCC7B78B9D0F62CEA7A");
			isa = PBXSourcesBuildPhase;
			name = "Build Sources";
		};
		2A1043669E6E5A7426EA502A = {
			buildActionMask = 2147483647;
			files = (
				);
			isa = PBXFrameworksBuildPhase;
			name = "Frameworks & Libraries";
		};
		F6069D5A5DA8AA28EDB8B3C6 = {
			name = "Project Copy";
			buildActionMask = 2147483647;
			dstPath = "/Users/gipsonb/Projects/2dx-stable/lib/common";
			dstSubfolderSpec = 0;
			files = (
"07E0DFA73EB56DCB9E28CDD9");
			isa = PBXCopyFilesBuildPhase;
			runOnlyForDeploymentPostprocessing = 0;
		};
		07E0DFA73EB56DCB9E28CDD9 = {
			fileRef = "53512D36C8E859FB32474262";
			isa = PBXBuildFile;
			settings = {
			};
		};
		05596AB53D8D521C69802C27 = {
			children = (
				"FB61758D0F0FDA4BA867C3D5",
				"46E892BBB6BB6952967E0561",
				"883D7615C4D2DE3FA1218F12",
				"7CABE3C80E79AD2B307756D2");
			isa = PBXGroup;
			name = "mrcImage";
			path = "";
			refType = 4;
		};
		53512D36C8E859FB32474262 = {
			isa = PBXFileReference;
			explicitFileType = "compiled.mach-o.dylib";
			path = "libmrcImage.a";
			refType = 3;
			sourceTree = BUILT_PRODUCTS_DIR;
		};
		068F80C7519D0528FB08E821 = {
			children = (
				"53512D36C8E859FB32474262");
			isa = PBXGroup;
			name = "Products";
			refType = 4;
		};
		4136584DB64C123A0A63143E = {
			buildPhases = (
				"D7BA7D76DAB5DD13389D6332",
				"A0A52A2ADF7A1E2A99738674",
				"F6069D5A5DA8AA28EDB8B3C6",
				"C29B8785722055ED95EF7B57",
				"2A1043669E6E5A7426EA502A");
			buildSettings = {
				HEADER_SEARCH_PATHS = (
					"/Library/Frameworks/QtCore.framework/Versions/4/Headers",
					"/usr/include/QtCore",
					"/Library/Frameworks/QtGui.framework/Versions/4/Headers",
					"/usr/include/QtGui",
					"/usr/include",
					"../../../include",
					".",
					".",
					"/usr/local/include",
					"/System/Library/Frameworks/CarbonCore.framework/Headers",
					"/usr/local/Qt4.5/mkspecs/macx-xcode");
				LIBRARY_SEARCH_PATHS = (
					);
				OPTIMIZATION_CFLAGS = (
					);
				OTHER_CFLAGS = (
					"-pipe",
					"-g",
					"-fPIC",
					"-Wall",
					"-W",
					"-DQT_GUI_LIB",
					"-DQT_CORE_LIB",
					"-DQT_SHARED");
				OTHER_CPLUSPLUSFLAGS = (
					"-pipe",
					"-g",
					"-fPIC",
					"-Wall",
					"-W",
					"-DQT_GUI_LIB",
					"-DQT_CORE_LIB",
					"-DQT_SHARED");
				LEXFLAGS = "";
				YACCFLAGS = "-d";
				OTHER_REZFLAGS = "";
				SECTORDER_FLAGS = "";
				WARNING_CFLAGS = "";
				PREBINDING = NO;
				BUILD_ROOT = "/Users/gipsonb/Projects/2dx-stable/lib/src/mrcImage";
				INSTALL_DIR = "/Users/gipsonb/Projects/2dx-stable/lib/src/mrcImage/../../common/";
				INSTALL_PATH = "";
				DYLIB_CURRENT_VERSION = "1.0.0";
				DYLIB_COMPATIBILITY_VERSION = "1.0";
				MACOSX_DEPLOYMENT_TARGET = "10.3";
				LIBRARY_STYLE = "STATIC";
				PRODUCT_NAME = "mrcImage";
			};
			conditionalBuildSettings = {
			};
			dependencies = (
				);
			productReference = "53512D36C8E859FB32474262";
			shouldUseHeadermap = 1;
			isa = PBXNativeTarget;
			name = "mrcImage";
			productName = "mrcImage";
			productType = "com.apple.product-type.library.static";
			startupPath = "<<ProjectDirectory>>";
			productInstallPath = "../../common/";
		};
		8DB1DD96F65B1BF1FFC506E0 = {
			isa = XCBuildConfiguration;
			buildSettings = {
				COPY_PHASE_STRIP = "NO";
				GCC_GENERATE_DEBUGGING_SYMBOLS = "YES";
				GCC_OPTIMIZATION_LEVEL = "0";
			};
			name = "Debug";
		};
		2C641C3335766025DD51B7BD = {
			buildRules = (
				);
			buildSettings = {
				COPY_PHASE_STRIP = "NO";
				GCC_GENERATE_DEBUGGING_SYMBOLS = "YES";
				GCC_OPTIMIZATION_LEVEL = "0";
			};
			isa = "PBXBuildStyle";
			name = "Debug";
		};
		95E1EB2E5DDD587BE5B3E548 = {
			isa = XCBuildConfiguration;
			buildSettings = {
				COPY_PHASE_STRIP = "YES";
				GCC_GENERATE_DEBUGGING_SYMBOLS = "NO";
			};
			name = "Release";
		};
		26DE8D2AEA4B3714B41E931F = {
			buildRules = (
				);
			buildSettings = {
				COPY_PHASE_STRIP = "YES";
				GCC_GENERATE_DEBUGGING_SYMBOLS = "NO";
			};
			isa = "PBXBuildStyle";
			name = "Release";
		};
		2A951308CDB28F104D0A4BD2 = {
			isa = XCConfigurationList;
			buildConfigurations = (
				"8DB1DD96F65B1BF1FFC506E0",
				"95E1EB2E5DDD587BE5B3E548");
			defaultConfigurationIsVisible = 0;
			defaultConfigurationIsName = "Debug";
		};
		91B15E841AA80083484172DE = {
			buildStyles = (
				"2C641C3335766025DD51B7BD",
				"26DE8D2AEA4B3714B41E931F");
			hasScannedForEncodings = 1;
			isa = PBXProject;
			mainGroup = "05596AB53D8D521C69802C27";
			buildConfigurationList = "2A951308CDB28F104D0A4BD2";
			projectDirPath = "";
			targets = (
				"4136584DB64C123A0A63143E");
		};
	};
	rootObject = "91B15E841AA80083484172DE";
}
