// !$*UTF8*$!
{
	archiveVersion = 1;
	classes = {
	};
	objectVersion = 42;
	objects = {
		D7BA7D76DAB5DD13389D6332 = {
			buildActionMask = 2147483647;
			files = (
				);
			generatedFileNames = (
				);
			isa = PBXShellScriptBuildPhase;
			name = "Qt Qmake";
			neededFileNames = (
				);
			shellPath = "/bin/sh";
			shellScript = "make\ -C\ /Users/henning/Projects/repos/2dx/trunk/lib/src/conf\ -f\ conf.xcodeproj/qt_makeqmake.mak";
		};
		811DAB21F3182AF2B2D95942 = {
			isa = PBXFileReference;
			name = "confData.cpp";
			path = "confData.cpp";
			refType = 4;
			lastKnownFileType = "sourcecode.cpp.cpp";
		};
		7BF6CA9ED66718797E5F078C = {
			fileRef = "811DAB21F3182AF2B2D95942";
			isa = PBXBuildFile;
			settings = {
				ATTRIBUTES = (
					);
			};
		};
		6868DE0993E067BC9C5993D0 = {
			isa = PBXFileReference;
			name = "confElement.cpp";
			path = "confElement.cpp";
			refType = 4;
			lastKnownFileType = "sourcecode.cpp.cpp";
		};
		035BFB590FF6CFBC728643E4 = {
			fileRef = "6868DE0993E067BC9C5993D0";
			isa = PBXBuildFile;
			settings = {
				ATTRIBUTES = (
					);
			};
		};
		31D2B112EF69390B6D1E0583 = {
			isa = PBXFileReference;
			name = "confSection.cpp";
			path = "confSection.cpp";
			refType = 4;
			lastKnownFileType = "sourcecode.cpp.cpp";
		};
		1BCF1F0EB28FCFDB227B5FCC = {
			fileRef = "31D2B112EF69390B6D1E0583";
			isa = PBXBuildFile;
			settings = {
				ATTRIBUTES = (
					);
			};
		};
		3AEC6EB2C6164B43956A779D = {
			isa = PBXFileReference;
			name = "confDelegate.cpp";
			path = "confDelegate.cpp";
			refType = 4;
			lastKnownFileType = "sourcecode.cpp.cpp";
		};
		0BBD1D0854E004A056B10C55 = {
			fileRef = "3AEC6EB2C6164B43956A779D";
			isa = PBXBuildFile;
			settings = {
				ATTRIBUTES = (
					);
			};
		};
		17B287801395AB4DCCC9C596 = {
			isa = PBXFileReference;
			name = "/confData.h";
			path = "/confData.h";
			refType = 0;
		};
		AC822699C2CB5C0851475B2F = {
			isa = PBXFileReference;
			name = "/confElement.h";
			path = "/confElement.h";
			refType = 0;
		};
		FD64909B3044A6A6B1AAD880 = {
			isa = PBXFileReference;
			name = "/confSection.h";
			path = "/confSection.h";
			refType = 0;
		};
		47350558C4C568271AE0C83A = {
			isa = PBXFileReference;
			name = "/confDelegate.h";
			path = "/confDelegate.h";
			refType = 0;
		};
		E5EFC0242E5262E8D151D7DE = {
			isa = PBXFileReference;
			name = "qmake.pro";
			path = "qmake.pro";
			refType = 4;
		};
		883D7615C4D2DE3FA1218F12 = {
			isa = PBXGroup;
			children = (
				"17B287801395AB4DCCC9C596",
				"AC822699C2CB5C0851475B2F",
				"FD64909B3044A6A6B1AAD880",
				"47350558C4C568271AE0C83A");
			name = "Headers";
			refType = 4;
		};
		FB61758D0F0FDA4BA867C3D5 = {
			isa = PBXGroup;
			children = (
				"811DAB21F3182AF2B2D95942",
				"6868DE0993E067BC9C5993D0",
				"31D2B112EF69390B6D1E0583",
				"3AEC6EB2C6164B43956A779D");
			name = "Sources";
			refType = 4;
		};
		7CABE3C80E79AD2B307756D2 = {
			isa = PBXGroup;
			children = (
				"E5EFC0242E5262E8D151D7DE");
			name = "Sources [qmake]";
			refType = 4;
		};
		A0A52A2ADF7A1E2A99738674 = {
			buildActionMask = 2147483647;
			files = (
				);
			generatedFileNames = (
				"7BF6CA9ED66718797E5F078C",
				"035BFB590FF6CFBC728643E4",
				"1BCF1F0EB28FCFDB227B5FCC",
				"0BBD1D0854E004A056B10C55");
			isa = PBXShellScriptBuildPhase;
			name = "Qt Preprocessors";
			neededFileNames = (
				"7BF6CA9ED66718797E5F078C",
				"035BFB590FF6CFBC728643E4",
				"1BCF1F0EB28FCFDB227B5FCC",
				"0BBD1D0854E004A056B10C55");
			shellPath = "/bin/sh";
			shellScript = "make\ -C\ /Users/henning/Projects/repos/2dx/trunk/lib/src/conf\ -f\ conf.xcodeproj/qt_preprocess.mak";
		};
		C29B8785722055ED95EF7B57 = {
			buildActionMask = 2147483647;
			files = (
				"7BF6CA9ED66718797E5F078C",
				"035BFB590FF6CFBC728643E4",
				"1BCF1F0EB28FCFDB227B5FCC",
				"0BBD1D0854E004A056B10C55");
			isa = PBXSourcesBuildPhase;
			name = "Build Sources";
		};
		2A1043669E6E5A7426EA502A = {
			buildActionMask = 2147483647;
			files = (
				);
			isa = PBXFrameworksBuildPhase;
			name = "Frameworks & Libraries";
		};
		F6069D5A5DA8AA28EDB8B3C6 = {
			name = "Project Copy";
			buildActionMask = 2147483647;
			dstPath = "/Users/henning/Projects/repos/2dx/trunk/lib/src/conf";
			dstSubfolderSpec = 0;
			files = (
"07E0DFA73EB56DCB9E28CDD9");
			isa = PBXCopyFilesBuildPhase;
			runOnlyForDeploymentPostprocessing = 0;
		};
		07E0DFA73EB56DCB9E28CDD9 = {
			fileRef = "6E49B1A4FF3F35BAAD8A7FB1";
			isa = PBXBuildFile;
			settings = {
			};
		};
		05596AB53D8D521C69802C27 = {
			children = (
				"FB61758D0F0FDA4BA867C3D5",
				"883D7615C4D2DE3FA1218F12",
				"7CABE3C80E79AD2B307756D2");
			isa = PBXGroup;
			name = "conf";
			path = "";
			refType = 4;
		};
		6E49B1A4FF3F35BAAD8A7FB1 = {
			isa = PBXFileReference;
			explicitFileType = "compiled.mach-o.dylib";
			path = "libconf.a";
			refType = 3;
			sourceTree = BUILT_PRODUCTS_DIR;
		};
		068F80C7519D0528FB08E821 = {
			children = (
				"6E49B1A4FF3F35BAAD8A7FB1");
			isa = PBXGroup;
			name = "Products";
			refType = 4;
		};
		C45E4C5CEAD86D92E7133BB1 = {
			buildPhases = (
				"D7BA7D76DAB5DD13389D6332",
				"A0A52A2ADF7A1E2A99738674",
				"F6069D5A5DA8AA28EDB8B3C6",
				"C29B8785722055ED95EF7B57",
				"2A1043669E6E5A7426EA502A");
			buildSettings = {
				HEADER_SEARCH_PATHS = (
					"/Library/Frameworks/QtCore.framework/Versions/4/Headers",
					"/usr/include/QtCore",
					"/Library/Frameworks/QtGui.framework/Versions/4/Headers",
					"/usr/include/QtGui",
					"/usr/include",
					".",
					"/usr/local/include",
					"/System/Library/Frameworks/CarbonCore.framework/Headers",
					"/usr/local/Qt4.6/mkspecs/macx-xcode");
				LIBRARY_SEARCH_PATHS = (
					);
				OPTIMIZATION_CFLAGS = (
					);
				OTHER_CFLAGS = (
					"-pipe",
					"-O2",
					"-fPIC",
					"-Wall",
					"-W",
					"-DQT_NO_DEBUG",
					"-DQT_GUI_LIB",
					"-DQT_CORE_LIB",
					"-DQT_SHARED");
				OTHER_CPLUSPLUSFLAGS = (
					"-pipe",
					"-O2",
					"-fPIC",
					"-Wall",
					"-W",
					"-DQT_NO_DEBUG",
					"-DQT_GUI_LIB",
					"-DQT_CORE_LIB",
					"-DQT_SHARED");
				LEXFLAGS = "";
				YACCFLAGS = "-d";
				OTHER_REZFLAGS = "";
				SECTORDER_FLAGS = "";
				WARNING_CFLAGS = "";
				PREBINDING = NO;
				BUILD_ROOT = "/Users/henning/Projects/repos/2dx/trunk/lib/src/conf";
				INSTALL_PATH = "";
				DYLIB_CURRENT_VERSION = "1.0.0";
				DYLIB_COMPATIBILITY_VERSION = "1.0";
				MACOSX_DEPLOYMENT_TARGET = "10.4";
				ARCHS = "i386";
				LIBRARY_STYLE = "STATIC";
				PRODUCT_NAME = "conf";
			};
			conditionalBuildSettings = {
			};
			dependencies = (
				);
			productReference = "6E49B1A4FF3F35BAAD8A7FB1";
			shouldUseHeadermap = 1;
			isa = PBXNativeTarget;
			name = "conf";
			productName = "conf";
			productType = "com.apple.product-type.library.static";
			startupPath = "<<ProjectDirectory>>";
		};
		8DB1DD96F65B1BF1FFC506E0 = {
			isa = XCBuildConfiguration;
			buildSettings = {
				COPY_PHASE_STRIP = "NO";
				GCC_GENERATE_DEBUGGING_SYMBOLS = "YES";
				GCC_OPTIMIZATION_LEVEL = "0";
			};
			name = "Debug";
		};
		2C641C3335766025DD51B7BD = {
			buildRules = (
				);
			buildSettings = {
				COPY_PHASE_STRIP = "NO";
				GCC_GENERATE_DEBUGGING_SYMBOLS = "YES";
				GCC_OPTIMIZATION_LEVEL = "0";
			};
			isa = "PBXBuildStyle";
			name = "Debug";
		};
		95E1EB2E5DDD587BE5B3E548 = {
			isa = XCBuildConfiguration;
			buildSettings = {
				COPY_PHASE_STRIP = "YES";
				GCC_GENERATE_DEBUGGING_SYMBOLS = "NO";
			};
			name = "Release";
		};
		26DE8D2AEA4B3714B41E931F = {
			buildRules = (
				);
			buildSettings = {
				COPY_PHASE_STRIP = "YES";
				GCC_GENERATE_DEBUGGING_SYMBOLS = "NO";
			};
			isa = "PBXBuildStyle";
			name = "Release";
		};
		2A951308CDB28F104D0A4BD2 = {
			isa = XCConfigurationList;
			buildConfigurations = (
				"8DB1DD96F65B1BF1FFC506E0",
				"95E1EB2E5DDD587BE5B3E548");
			defaultConfigurationIsVisible = 0;
			defaultConfigurationIsName = "Release";
		};
		91B15E841AA80083484172DE = {
			buildStyles = (
				"2C641C3335766025DD51B7BD",
				"26DE8D2AEA4B3714B41E931F");
			hasScannedForEncodings = 1;
			isa = PBXProject;
			mainGroup = "05596AB53D8D521C69802C27";
			buildConfigurationList = "2A951308CDB28F104D0A4BD2";
			projectDirPath = "";
			targets = (
				"C45E4C5CEAD86D92E7133BB1");
		};
	};
	rootObject = "91B15E841AA80083484172DE";
}
