// !$*UTF8*$!
{
	archiveVersion = 1;
	classes = {
	};
	objectVersion = 42;
	objects = {
		D7BA7D76DAB5DD13389D6332 = {
			buildActionMask = 2147483647;
			files = (
				);
			generatedFileNames = (
				);
			isa = PBXShellScriptBuildPhase;
			name = "Qt Qmake";
			neededFileNames = (
				);
			shellPath = "/bin/sh";
			shellScript = "make\ -C\ /Users/gipsonb/Projects/2dx-stable/lib/src/conf\ -f\ conf.xcodeproj/qt_makeqmake.mak";
		};
		811DAB21F3182AF2B2D95942 = {
			isa = PBXFileReference;
			name = "confData.cpp";
			path = "confData.cpp";
			refType = 4;
			lastKnownFileType = "sourcecode.cpp.cpp";
		};
		7BF6CA9ED66718797E5F078C = {
			fileRef = "811DAB21F3182AF2B2D95942";
			isa = PBXBuildFile;
			settings = {
				ATTRIBUTES = (
					);
			};
		};
		6868DE0993E067BC9C5993D0 = {
			isa = PBXFileReference;
			name = "confElement.cpp";
			path = "confElement.cpp";
			refType = 4;
			lastKnownFileType = "sourcecode.cpp.cpp";
		};
		035BFB590FF6CFBC728643E4 = {
			fileRef = "6868DE0993E067BC9C5993D0";
			isa = PBXBuildFile;
			settings = {
				ATTRIBUTES = (
					);
			};
		};
		31D2B112EF69390B6D1E0583 = {
			isa = PBXFileReference;
			name = "confSection.cpp";
			path = "confSection.cpp";
			refType = 4;
			lastKnownFileType = "sourcecode.cpp.cpp";
		};
		1BCF1F0EB28FCFDB227B5FCC = {
			fileRef = "31D2B112EF69390B6D1E0583";
			isa = PBXBuildFile;
			settings = {
				ATTRIBUTES = (
					);
			};
		};
		3AEC6EB2C6164B43956A779D = {
			isa = PBXFileReference;
			name = "confDelegate.cpp";
			path = "confDelegate.cpp";
			refType = 4;
			lastKnownFileType = "sourcecode.cpp.cpp";
		};
		0BBD1D0854E004A056B10C55 = {
			fileRef = "3AEC6EB2C6164B43956A779D";
			isa = PBXBuildFile;
			settings = {
				ATTRIBUTES = (
					);
			};
		};
		13F627916C53192AA9C7136D = {
			isa = PBXFileReference;
			name = "moc_confData.cpp";
			path = "moc_confData.cpp";
			refType = 4;
			lastKnownFileType = "sourcecode.cpp.cpp";
		};
		BA016D7B98D31FF825E13A5D = {
			fileRef = "13F627916C53192AA9C7136D";
			isa = PBXBuildFile;
			settings = {
				ATTRIBUTES = (
					);
			};
		};
		A390C8C529888EB8BF634E21 = {
			isa = PBXFileReference;
			name = "moc_confElement.cpp";
			path = "moc_confElement.cpp";
			refType = 4;
			lastKnownFileType = "sourcecode.cpp.cpp";
		};
		F1D28D391BF6EB9AA67817D1 = {
			fileRef = "A390C8C529888EB8BF634E21";
			isa = PBXBuildFile;
			settings = {
				ATTRIBUTES = (
					);
			};
		};
		32F42175816DB64AF0B34B54 = {
			isa = PBXFileReference;
			name = "moc_confSection.cpp";
			path = "moc_confSection.cpp";
			refType = 4;
			lastKnownFileType = "sourcecode.cpp.cpp";
		};
		5262FADF0D98732CD4656290 = {
			fileRef = "32F42175816DB64AF0B34B54";
			isa = PBXBuildFile;
			settings = {
				ATTRIBUTES = (
					);
			};
		};
		1B8BC285B062A585BF4DFFA7 = {
			isa = PBXFileReference;
			name = "moc_confDelegate.cpp";
			path = "moc_confDelegate.cpp";
			refType = 4;
			lastKnownFileType = "sourcecode.cpp.cpp";
		};
		EC42A3A3D05C27F8A69DD38C = {
			fileRef = "1B8BC285B062A585BF4DFFA7";
			isa = PBXBuildFile;
			settings = {
				ATTRIBUTES = (
					);
			};
		};
		27A55AB3CA0F782B73EB80A7 = {
			isa = PBXFileReference;
			name = "confData.h";
			path = "../../../include/confData.h";
			refType = 4;
		};
		132AABB5B952565980084F97 = {
			isa = PBXFileReference;
			name = "confElement.h";
			path = "../../../include/confElement.h";
			refType = 4;
		};
		65E6AC3CD9DAA286EEBEBCDF = {
			isa = PBXFileReference;
			name = "confSection.h";
			path = "../../../include/confSection.h";
			refType = 4;
		};
		5D9BCD0B49CB45BCB5C93C34 = {
			isa = PBXFileReference;
			name = "confDelegate.h";
			path = "../../../include/confDelegate.h";
			refType = 4;
		};
		E5EFC0242E5262E8D151D7DE = {
			isa = PBXFileReference;
			name = "qmake.pro";
			path = "qmake.pro";
			refType = 4;
		};
		883D7615C4D2DE3FA1218F12 = {
			isa = PBXGroup;
			children = (
				"4458B98565818D7E2682FA2D");
			name = "Headers";
			refType = 4;
		};
		4458B98565818D7E2682FA2D = {
			isa = PBXGroup;
			children = (
				"E11BEA6A53EB481066C2098B");
			name = "..";
			refType = 4;
		};
		E11BEA6A53EB481066C2098B = {
			isa = PBXGroup;
			children = (
				"40D97C4913EA545E34765B97");
			name = "..";
			refType = 4;
		};
		40D97C4913EA545E34765B97 = {
			isa = PBXGroup;
			children = (
				"6527C0E65E2B4740EA206FB1");
			name = "..";
			refType = 4;
		};
		6527C0E65E2B4740EA206FB1 = {
			isa = PBXGroup;
			children = (
				"27A55AB3CA0F782B73EB80A7",
				"132AABB5B952565980084F97",
				"65E6AC3CD9DAA286EEBEBCDF",
				"5D9BCD0B49CB45BCB5C93C34");
			name = "include";
			refType = 4;
		};
		FB61758D0F0FDA4BA867C3D5 = {
			isa = PBXGroup;
			children = (
				"811DAB21F3182AF2B2D95942",
				"6868DE0993E067BC9C5993D0",
				"31D2B112EF69390B6D1E0583",
				"3AEC6EB2C6164B43956A779D");
			name = "Sources";
			refType = 4;
		};
		7CABE3C80E79AD2B307756D2 = {
			isa = PBXGroup;
			children = (
				"E5EFC0242E5262E8D151D7DE");
			name = "Sources [qmake]";
			refType = 4;
		};
		46E892BBB6BB6952967E0561 = {
			isa = PBXGroup;
			children = (
				"13F627916C53192AA9C7136D",
				"A390C8C529888EB8BF634E21",
				"32F42175816DB64AF0B34B54",
				"1B8BC285B062A585BF4DFFA7");
			name = "Temporary Sources";
			refType = 4;
		};
		A0A52A2ADF7A1E2A99738674 = {
			buildActionMask = 2147483647;
			files = (
				);
			generatedFileNames = (
				"7BF6CA9ED66718797E5F078C",
				"035BFB590FF6CFBC728643E4",
				"1BCF1F0EB28FCFDB227B5FCC",
				"0BBD1D0854E004A056B10C55",
				"BA016D7B98D31FF825E13A5D",
				"F1D28D391BF6EB9AA67817D1",
				"5262FADF0D98732CD4656290",
				"EC42A3A3D05C27F8A69DD38C");
			isa = PBXShellScriptBuildPhase;
			name = "Qt Preprocessors";
			neededFileNames = (
				"7BF6CA9ED66718797E5F078C",
				"035BFB590FF6CFBC728643E4",
				"1BCF1F0EB28FCFDB227B5FCC",
				"0BBD1D0854E004A056B10C55",
				"BA016D7B98D31FF825E13A5D",
				"F1D28D391BF6EB9AA67817D1",
				"5262FADF0D98732CD4656290",
				"EC42A3A3D05C27F8A69DD38C");
			shellPath = "/bin/sh";
			shellScript = "make\ -C\ /Users/gipsonb/Projects/2dx-stable/lib/src/conf\ -f\ conf.xcodeproj/qt_preprocess.mak";
		};
		C29B8785722055ED95EF7B57 = {
			buildActionMask = 2147483647;
			files = (
				"7BF6CA9ED66718797E5F078C",
				"035BFB590FF6CFBC728643E4",
				"1BCF1F0EB28FCFDB227B5FCC",
				"0BBD1D0854E004A056B10C55",
				"BA016D7B98D31FF825E13A5D",
				"F1D28D391BF6EB9AA67817D1",
				"5262FADF0D98732CD4656290",
				"EC42A3A3D05C27F8A69DD38C");
			isa = PBXSourcesBuildPhase;
			name = "Build Sources";
		};
		2A1043669E6E5A7426EA502A = {
			buildActionMask = 2147483647;
			files = (
				);
			isa = PBXFrameworksBuildPhase;
			name = "Frameworks & Libraries";
		};
		F6069D5A5DA8AA28EDB8B3C6 = {
			name = "Project Copy";
			buildActionMask = 2147483647;
			dstPath = "/Users/gipsonb/Projects/2dx-stable/lib/common";
			dstSubfolderSpec = 0;
			files = (
"07E0DFA73EB56DCB9E28CDD9");
			isa = PBXCopyFilesBuildPhase;
			runOnlyForDeploymentPostprocessing = 0;
		};
		07E0DFA73EB56DCB9E28CDD9 = {
			fileRef = "0C58743FE1635706C3043D5A";
			isa = PBXBuildFile;
			settings = {
			};
		};
		05596AB53D8D521C69802C27 = {
			children = (
				"FB61758D0F0FDA4BA867C3D5",
				"46E892BBB6BB6952967E0561",
				"883D7615C4D2DE3FA1218F12",
				"7CABE3C80E79AD2B307756D2");
			isa = PBXGroup;
			name = "conf";
			path = "";
			refType = 4;
		};
		0C58743FE1635706C3043D5A = {
			isa = PBXFileReference;
			explicitFileType = "compiled.mach-o.dylib";
			path = "libconf.a";
			refType = 3;
			sourceTree = BUILT_PRODUCTS_DIR;
		};
		068F80C7519D0528FB08E821 = {
			children = (
				"0C58743FE1635706C3043D5A");
			isa = PBXGroup;
			name = "Products";
			refType = 4;
		};
		3696108769D67027CB57ED7D = {
			buildPhases = (
				"D7BA7D76DAB5DD13389D6332",
				"A0A52A2ADF7A1E2A99738674",
				"F6069D5A5DA8AA28EDB8B3C6",
				"C29B8785722055ED95EF7B57",
				"2A1043669E6E5A7426EA502A");
			buildSettings = {
				HEADER_SEARCH_PATHS = (
					"/Library/Frameworks/QtCore.framework/Versions/4/Headers",
					"/usr/include/QtCore",
					"/Library/Frameworks/QtGui.framework/Versions/4/Headers",
					"/usr/include/QtGui",
					"/usr/include",
					"../../../include",
					".",
					".",
					"/usr/local/include",
					"/System/Library/Frameworks/CarbonCore.framework/Headers",
					"/usr/local/Qt4.5/mkspecs/macx-xcode");
				LIBRARY_SEARCH_PATHS = (
					);
				OPTIMIZATION_CFLAGS = (
					);
				OTHER_CFLAGS = (
					"-pipe",
					"-Os",
					"-fPIC",
					"-Wall",
					"-W",
					"-DQT_NO_DEBUG",
					"-DQT_GUI_LIB",
					"-DQT_CORE_LIB",
					"-DQT_SHARED");
				OTHER_CPLUSPLUSFLAGS = (
					"-pipe",
					"-Os",
					"-fPIC",
					"-Wall",
					"-W",
					"-DQT_NO_DEBUG",
					"-DQT_GUI_LIB",
					"-DQT_CORE_LIB",
					"-DQT_SHARED");
				LEXFLAGS = "";
				YACCFLAGS = "-d";
				OTHER_REZFLAGS = "";
				SECTORDER_FLAGS = "";
				WARNING_CFLAGS = "";
				PREBINDING = NO;
				BUILD_ROOT = "/Users/gipsonb/Projects/2dx-stable/lib/src/conf";
				INSTALL_DIR = "/Users/gipsonb/Projects/2dx-stable/lib/src/conf/../../common/";
				INSTALL_PATH = "";
				DYLIB_CURRENT_VERSION = "1.0.0";
				DYLIB_COMPATIBILITY_VERSION = "1.0";
				MACOSX_DEPLOYMENT_TARGET = "10.3";
				LIBRARY_STYLE = "STATIC";
				PRODUCT_NAME = "conf";
			};
			conditionalBuildSettings = {
			};
			dependencies = (
				);
			productReference = "0C58743FE1635706C3043D5A";
			shouldUseHeadermap = 1;
			isa = PBXNativeTarget;
			name = "conf";
			productName = "conf";
			productType = "com.apple.product-type.library.static";
			startupPath = "<<ProjectDirectory>>";
			productInstallPath = "../../common/";
		};
		8DB1DD96F65B1BF1FFC506E0 = {
			isa = XCBuildConfiguration;
			buildSettings = {
				COPY_PHASE_STRIP = "NO";
				GCC_GENERATE_DEBUGGING_SYMBOLS = "YES";
				GCC_OPTIMIZATION_LEVEL = "0";
			};
			name = "Debug";
		};
		2C641C3335766025DD51B7BD = {
			buildRules = (
				);
			buildSettings = {
				COPY_PHASE_STRIP = "NO";
				GCC_GENERATE_DEBUGGING_SYMBOLS = "YES";
				GCC_OPTIMIZATION_LEVEL = "0";
			};
			isa = "PBXBuildStyle";
			name = "Debug";
		};
		95E1EB2E5DDD587BE5B3E548 = {
			isa = XCBuildConfiguration;
			buildSettings = {
				COPY_PHASE_STRIP = "YES";
				GCC_GENERATE_DEBUGGING_SYMBOLS = "NO";
			};
			name = "Release";
		};
		26DE8D2AEA4B3714B41E931F = {
			buildRules = (
				);
			buildSettings = {
				COPY_PHASE_STRIP = "YES";
				GCC_GENERATE_DEBUGGING_SYMBOLS = "NO";
			};
			isa = "PBXBuildStyle";
			name = "Release";
		};
		2A951308CDB28F104D0A4BD2 = {
			isa = XCConfigurationList;
			buildConfigurations = (
				"8DB1DD96F65B1BF1FFC506E0",
				"95E1EB2E5DDD587BE5B3E548");
			defaultConfigurationIsVisible = 0;
			defaultConfigurationIsName = "Release";
		};
		91B15E841AA80083484172DE = {
			buildStyles = (
				"2C641C3335766025DD51B7BD",
				"26DE8D2AEA4B3714B41E931F");
			hasScannedForEncodings = 1;
			isa = PBXProject;
			mainGroup = "05596AB53D8D521C69802C27";
			buildConfigurationList = "2A951308CDB28F104D0A4BD2";
			projectDirPath = "";
			targets = (
				"3696108769D67027CB57ED7D");
		};
	};
	rootObject = "91B15E841AA80083484172DE";
}
