// !$*UTF8*$!
{
	archiveVersion = 1;
	classes = {
	};
	objectVersion = 42;
	objects = {
		D7BA7D76DAB5DD13389D6332 = {
			buildActionMask = 2147483647;
			files = (
				);
			generatedFileNames = (
				);
			isa = PBXShellScriptBuildPhase;
			name = "Qt Qmake";
			neededFileNames = (
				);
			shellPath = "/bin/sh";
			shellScript = "make\ -C\ /Users/gipsonb/Projects/2dx-stable/2dx_merge\ -f\ 2dx_merge.xcodeproj/qt_makeqmake.mak";
		};
		118FCBAABA162BA17933C789 = {
			isa = PBXFileReference;
			name = "main.cpp";
			path = "main.cpp";
			refType = 4;
			lastKnownFileType = "sourcecode.cpp.cpp";
		};
		2B093CA6F071B023A473CED0 = {
			fileRef = "118FCBAABA162BA17933C789";
			isa = PBXBuildFile;
			settings = {
				ATTRIBUTES = (
					);
			};
		};
		86B26EDE2FE672340F83FFDB = {
			isa = PBXFileReference;
			name = "mainWindow.cpp";
			path = "mainWindow.cpp";
			refType = 4;
			lastKnownFileType = "sourcecode.cpp.cpp";
		};
		A6FD49F6C258A505C9742C98 = {
			fileRef = "86B26EDE2FE672340F83FFDB";
			isa = PBXBuildFile;
			settings = {
				ATTRIBUTES = (
					);
			};
		};
		8F83046317BE2EF801B6F9ED = {
			isa = PBXFileReference;
			name = "projectModel.cpp";
			path = "projectModel.cpp";
			refType = 4;
			lastKnownFileType = "sourcecode.cpp.cpp";
		};
		0BBF6FCD633B66A814EB3F55 = {
			fileRef = "8F83046317BE2EF801B6F9ED";
			isa = PBXBuildFile;
			settings = {
				ATTRIBUTES = (
					);
			};
		};
		DB85F957A3E5A83EBFE8BC64 = {
			isa = PBXFileReference;
			name = "resultsData.cpp";
			path = "resultsData.cpp";
			refType = 4;
			lastKnownFileType = "sourcecode.cpp.cpp";
		};
		4CD75F4D8FF728217FDA1E57 = {
			fileRef = "DB85F957A3E5A83EBFE8BC64";
			isa = PBXBuildFile;
			settings = {
				ATTRIBUTES = (
					);
			};
		};
		0E57693606E258D70C67BC46 = {
			isa = PBXFileReference;
			name = "resultsModule.cpp";
			path = "resultsModule.cpp";
			refType = 4;
			lastKnownFileType = "sourcecode.cpp.cpp";
		};
		401B1C7917B75BA51BF3888A = {
			fileRef = "0E57693606E258D70C67BC46";
			isa = PBXBuildFile;
			settings = {
				ATTRIBUTES = (
					);
			};
		};
		2E0F908FBC8DCF76D85A0FD8 = {
			isa = PBXFileReference;
			name = "translator.cpp";
			path = "translator.cpp";
			refType = 4;
			lastKnownFileType = "sourcecode.cpp.cpp";
		};
		8CACAF86472BB8A73594A685 = {
			fileRef = "2E0F908FBC8DCF76D85A0FD8";
			isa = PBXBuildFile;
			settings = {
				ATTRIBUTES = (
					);
			};
		};
		6407C5383D30C00990E8194F = {
			isa = PBXFileReference;
			name = "projectDelegate.cpp";
			path = "projectDelegate.cpp";
			refType = 4;
			lastKnownFileType = "sourcecode.cpp.cpp";
		};
		01CCF0266A4887B3DC66F6A3 = {
			fileRef = "6407C5383D30C00990E8194F";
			isa = PBXBuildFile;
			settings = {
				ATTRIBUTES = (
					);
			};
		};
		9A5FDA4B40DB5999B248CBD8 = {
			isa = PBXFileReference;
			name = "albumViewer.cpp";
			path = "albumViewer.cpp";
			refType = 4;
			lastKnownFileType = "sourcecode.cpp.cpp";
		};
		1AB5F06D7A39F955C35EED6A = {
			fileRef = "9A5FDA4B40DB5999B248CBD8";
			isa = PBXBuildFile;
			settings = {
				ATTRIBUTES = (
					);
			};
		};
		05CC5CFAFABBD83D7AB4F7EB = {
			isa = PBXFileReference;
			name = "imageAlbum.cpp";
			path = "imageAlbum.cpp";
			refType = 4;
			lastKnownFileType = "sourcecode.cpp.cpp";
		};
		BF72B6438882C532CBC5E77B = {
			fileRef = "05CC5CFAFABBD83D7AB4F7EB";
			isa = PBXBuildFile;
			settings = {
				ATTRIBUTES = (
					);
			};
		};
		74D48F3C9988ED5D833D1803 = {
			isa = PBXFileReference;
			name = "albumModel.cpp";
			path = "albumModel.cpp";
			refType = 4;
			lastKnownFileType = "sourcecode.cpp.cpp";
		};
		37830B30A8E903181208BB58 = {
			fileRef = "74D48F3C9988ED5D833D1803";
			isa = PBXBuildFile;
			settings = {
				ATTRIBUTES = (
					);
			};
		};
		D4F966392D93DA5D7639A5E2 = {
			isa = PBXFileReference;
			name = "albumDelegate.cpp";
			path = "albumDelegate.cpp";
			refType = 4;
			lastKnownFileType = "sourcecode.cpp.cpp";
		};
		CEACBEE3D9EA029CF1EB6674 = {
			fileRef = "D4F966392D93DA5D7639A5E2";
			isa = PBXBuildFile;
			settings = {
				ATTRIBUTES = (
					);
			};
		};
		EA6DA988F35CA34E6ABC504E = {
			isa = PBXFileReference;
			name = "albumControl.cpp";
			path = "albumControl.cpp";
			refType = 4;
			lastKnownFileType = "sourcecode.cpp.cpp";
		};
		32B6EABD1E081B1581E06965 = {
			fileRef = "EA6DA988F35CA34E6ABC504E";
			isa = PBXBuildFile;
			settings = {
				ATTRIBUTES = (
					);
			};
		};
		2AA8D83C4531568A439473C0 = {
			isa = PBXFileReference;
			name = "imageItem.cpp";
			path = "imageItem.cpp";
			refType = 4;
			lastKnownFileType = "sourcecode.cpp.cpp";
		};
		B9FF43993C322397B2EFD025 = {
			fileRef = "2AA8D83C4531568A439473C0";
			isa = PBXBuildFile;
			settings = {
				ATTRIBUTES = (
					);
			};
		};
		C038DDFB1D890C4B6F0201A6 = {
			isa = PBXFileReference;
			name = "importBox.cpp";
			path = "importBox.cpp";
			refType = 4;
			lastKnownFileType = "sourcecode.cpp.cpp";
		};
		16BB3A82ABD2945FF95D9C6C = {
			fileRef = "C038DDFB1D890C4B6F0201A6";
			isa = PBXBuildFile;
			settings = {
				ATTRIBUTES = (
					);
			};
		};
		0CC077725A96D5D854DE39EF = {
			isa = PBXFileReference;
			name = "importTool.cpp";
			path = "importTool.cpp";
			refType = 4;
			lastKnownFileType = "sourcecode.cpp.cpp";
		};
		DCD3B400DB430891912CE1EB = {
			fileRef = "0CC077725A96D5D854DE39EF";
			isa = PBXBuildFile;
			settings = {
				ATTRIBUTES = (
					);
			};
		};
		FA3F952CC6514F50EFC5CCCD = {
			isa = PBXFileReference;
			name = "imageNameParser.cpp";
			path = "imageNameParser.cpp";
			refType = 4;
			lastKnownFileType = "sourcecode.cpp.cpp";
		};
		B79DA07CF44C29DBA6EAFF7C = {
			fileRef = "FA3F952CC6514F50EFC5CCCD";
			isa = PBXBuildFile;
			settings = {
				ATTRIBUTES = (
					);
			};
		};
		37720011F7FFD405FADED0AB = {
			isa = PBXFileReference;
			name = "icon.icns";
			path = "resource/icon.icns";
			refType = 4;
		};
		F2EB814BB8662A75A5266232 = {
			fileRef = "37720011F7FFD405FADED0AB";
			isa = PBXBuildFile;
			settings = {
				ATTRIBUTES = (
					);
			};
		};
		219ABDD29F250EBA2C28ED9D = {
			isa = PBXFileReference;
			name = "moc_mainWindow.cpp";
			path = "moc_mainWindow.cpp";
			refType = 4;
			lastKnownFileType = "sourcecode.cpp.cpp";
		};
		B15CFED8AB1B507EA9CFE3EB = {
			fileRef = "219ABDD29F250EBA2C28ED9D";
			isa = PBXBuildFile;
			settings = {
				ATTRIBUTES = (
					);
			};
		};
		00B798271B728B6A3077A63D = {
			isa = PBXFileReference;
			name = "moc_projectModel.cpp";
			path = "moc_projectModel.cpp";
			refType = 4;
			lastKnownFileType = "sourcecode.cpp.cpp";
		};
		257B7399075AB3E894DBE0BD = {
			fileRef = "00B798271B728B6A3077A63D";
			isa = PBXBuildFile;
			settings = {
				ATTRIBUTES = (
					);
			};
		};
		0DBB87C1D5C512708C3ABB32 = {
			isa = PBXFileReference;
			name = "moc_resultsData.cpp";
			path = "moc_resultsData.cpp";
			refType = 4;
			lastKnownFileType = "sourcecode.cpp.cpp";
		};
		F81D97C0A065A5C88F7B9996 = {
			fileRef = "0DBB87C1D5C512708C3ABB32";
			isa = PBXBuildFile;
			settings = {
				ATTRIBUTES = (
					);
			};
		};
		D61FE986D2C6ED9869D496B7 = {
			isa = PBXFileReference;
			name = "moc_resultsModule.cpp";
			path = "moc_resultsModule.cpp";
			refType = 4;
			lastKnownFileType = "sourcecode.cpp.cpp";
		};
		C929A4AC131EC9F09A5FA95A = {
			fileRef = "D61FE986D2C6ED9869D496B7";
			isa = PBXBuildFile;
			settings = {
				ATTRIBUTES = (
					);
			};
		};
		1B966187DF2FB29875A5AB62 = {
			isa = PBXFileReference;
			name = "moc_translator.cpp";
			path = "moc_translator.cpp";
			refType = 4;
			lastKnownFileType = "sourcecode.cpp.cpp";
		};
		CEFB81FA5E38478A7ABAD373 = {
			fileRef = "1B966187DF2FB29875A5AB62";
			isa = PBXBuildFile;
			settings = {
				ATTRIBUTES = (
					);
			};
		};
		292AFBD9FAC6AC4430873B2D = {
			isa = PBXFileReference;
			name = "moc_projectDelegate.cpp";
			path = "moc_projectDelegate.cpp";
			refType = 4;
			lastKnownFileType = "sourcecode.cpp.cpp";
		};
		7E9497B33B7731F2F6D81F1A = {
			fileRef = "292AFBD9FAC6AC4430873B2D";
			isa = PBXBuildFile;
			settings = {
				ATTRIBUTES = (
					);
			};
		};
		80A22EC9EE5111359BF6273A = {
			isa = PBXFileReference;
			name = "moc_albumViewer.cpp";
			path = "moc_albumViewer.cpp";
			refType = 4;
			lastKnownFileType = "sourcecode.cpp.cpp";
		};
		1E3AD43F77CED411D964A479 = {
			fileRef = "80A22EC9EE5111359BF6273A";
			isa = PBXBuildFile;
			settings = {
				ATTRIBUTES = (
					);
			};
		};
		7FF7D323CCE8BEB3C08019DD = {
			isa = PBXFileReference;
			name = "moc_imageAlbum.cpp";
			path = "moc_imageAlbum.cpp";
			refType = 4;
			lastKnownFileType = "sourcecode.cpp.cpp";
		};
		7F8162002E5ACF4E222E47BE = {
			fileRef = "7FF7D323CCE8BEB3C08019DD";
			isa = PBXBuildFile;
			settings = {
				ATTRIBUTES = (
					);
			};
		};
		397DEA66F4DFB9FAAECC3177 = {
			isa = PBXFileReference;
			name = "moc_albumModel.cpp";
			path = "moc_albumModel.cpp";
			refType = 4;
			lastKnownFileType = "sourcecode.cpp.cpp";
		};
		43B993D6D89B32FF11DEFAB3 = {
			fileRef = "397DEA66F4DFB9FAAECC3177";
			isa = PBXBuildFile;
			settings = {
				ATTRIBUTES = (
					);
			};
		};
		9CEA4AD6125B1C01BB6D6F03 = {
			isa = PBXFileReference;
			name = "moc_albumView.cpp";
			path = "moc_albumView.cpp";
			refType = 4;
			lastKnownFileType = "sourcecode.cpp.cpp";
		};
		FF0C4A95434799F569747E58 = {
			fileRef = "9CEA4AD6125B1C01BB6D6F03";
			isa = PBXBuildFile;
			settings = {
				ATTRIBUTES = (
					);
			};
		};
		A32D1170E18281C493DDBA07 = {
			isa = PBXFileReference;
			name = "moc_albumDelegate.cpp";
			path = "moc_albumDelegate.cpp";
			refType = 4;
			lastKnownFileType = "sourcecode.cpp.cpp";
		};
		FB4512BC89CC22FBE8238DB1 = {
			fileRef = "A32D1170E18281C493DDBA07";
			isa = PBXBuildFile;
			settings = {
				ATTRIBUTES = (
					);
			};
		};
		5BD221F8B84485077CEEDD64 = {
			isa = PBXFileReference;
			name = "moc_albumControl.cpp";
			path = "moc_albumControl.cpp";
			refType = 4;
			lastKnownFileType = "sourcecode.cpp.cpp";
		};
		9E9C8983BAD074845706C305 = {
			fileRef = "5BD221F8B84485077CEEDD64";
			isa = PBXBuildFile;
			settings = {
				ATTRIBUTES = (
					);
			};
		};
		E890A25EB7ADA40FC5C4FAF6 = {
			isa = PBXFileReference;
			name = "moc_importBox.cpp";
			path = "moc_importBox.cpp";
			refType = 4;
			lastKnownFileType = "sourcecode.cpp.cpp";
		};
		4A1A7003003F95F8810B3B80 = {
			fileRef = "E890A25EB7ADA40FC5C4FAF6";
			isa = PBXBuildFile;
			settings = {
				ATTRIBUTES = (
					);
			};
		};
		71A16BC7A5F718FE4D23E32B = {
			isa = PBXFileReference;
			name = "moc_importTool.cpp";
			path = "moc_importTool.cpp";
			refType = 4;
			lastKnownFileType = "sourcecode.cpp.cpp";
		};
		2B48C14917AAEDB92EFF2331 = {
			fileRef = "71A16BC7A5F718FE4D23E32B";
			isa = PBXBuildFile;
			settings = {
				ATTRIBUTES = (
					);
			};
		};
		A8B635DEEF8E494D636B30F2 = {
			isa = PBXFileReference;
			name = "ui_importBox.h";
			path = "ui_importBox.h";
			refType = 4;
		};
		695020DF01BE69D986417AFC = {
			isa = PBXFileReference;
			name = "ui_importTool.h";
			path = "ui_importTool.h";
			refType = 4;
		};
		434016518D5B58E424C1B966 = {
			isa = PBXFileReference;
			name = "mainWindow.h";
			path = "mainWindow.h";
			refType = 4;
		};
		E63CAA8A99D56D4897499DBD = {
			isa = PBXFileReference;
			name = "projectModel.h";
			path = "projectModel.h";
			refType = 4;
		};
		A6C629670B4BD0861CDB108A = {
			isa = PBXFileReference;
			name = "resultsData.h";
			path = "resultsData.h";
			refType = 4;
		};
		A20AC65C3B45761012950BEB = {
			isa = PBXFileReference;
			name = "resultsModule.h";
			path = "resultsModule.h";
			refType = 4;
		};
		BF213CE64A38FABCD4CB9EC5 = {
			isa = PBXFileReference;
			name = "translator.h";
			path = "translator.h";
			refType = 4;
		};
		0161AD10ECF9FC15B4D62FA5 = {
			isa = PBXFileReference;
			name = "projectDelegate.h";
			path = "projectDelegate.h";
			refType = 4;
		};
		7521829E19EB39ADA9C30F2C = {
			isa = PBXFileReference;
			name = "albumViewer.h";
			path = "albumViewer.h";
			refType = 4;
		};
		941339B6693518E06AFDFA71 = {
			isa = PBXFileReference;
			name = "imageAlbum.h";
			path = "imageAlbum.h";
			refType = 4;
		};
		D962E295C7ED775CA5907DA7 = {
			isa = PBXFileReference;
			name = "albumModel.h";
			path = "albumModel.h";
			refType = 4;
		};
		6A591DB0858827BCB74C76B4 = {
			isa = PBXFileReference;
			name = "albumView.h";
			path = "albumView.h";
			refType = 4;
		};
		08438AB469194E5C3A807464 = {
			isa = PBXFileReference;
			name = "albumDelegate.h";
			path = "albumDelegate.h";
			refType = 4;
		};
		65D90B9EAC6CAA40B2A0B757 = {
			isa = PBXFileReference;
			name = "albumControl.h";
			path = "albumControl.h";
			refType = 4;
		};
		012D27F38C33954ECEB20788 = {
			isa = PBXFileReference;
			name = "importBox.h";
			path = "importBox.h";
			refType = 4;
		};
		8F8E44F072B594C076EE6A0D = {
			isa = PBXFileReference;
			name = "importTool.h";
			path = "importTool.h";
			refType = 4;
		};
		C436C757AC360780C83DDA2F = {
			isa = PBXFileReference;
			name = "imageItem.h";
			path = "imageItem.h";
			refType = 4;
		};
		03976E2939E12ABA1246FCE5 = {
			isa = PBXFileReference;
			name = "imageNameParser.h";
			path = "imageNameParser.h";
			refType = 4;
		};
		E5EFC0242E5262E8D151D7DE = {
			isa = PBXFileReference;
			name = "qmake.pro";
			path = "qmake.pro";
			refType = 4;
		};
		107255EF6D58DBE9ED47FFE7 = {
			isa = PBXFileReference;
			name = "importBox.ui";
			path = "importBox.ui";
			refType = 4;
		};
		76B0CE8D6F9FC86E0492DE63 = {
			fileRef = "107255EF6D58DBE9ED47FFE7";
			isa = PBXBuildFile;
			settings = {
				ATTRIBUTES = (
					);
			};
		};
		1397E33CC3BE8EAAFCC00D74 = {
			isa = PBXFileReference;
			name = "importTool.ui";
			path = "importTool.ui";
			refType = 4;
		};
		5FE3C66E284370959F623AFF = {
			fileRef = "1397E33CC3BE8EAAFCC00D74";
			isa = PBXBuildFile;
			settings = {
				ATTRIBUTES = (
					);
			};
		};
		883D7615C4D2DE3FA1218F12 = {
			isa = PBXGroup;
			children = (
				"434016518D5B58E424C1B966",
				"E63CAA8A99D56D4897499DBD",
				"A6C629670B4BD0861CDB108A",
				"A20AC65C3B45761012950BEB",
				"BF213CE64A38FABCD4CB9EC5",
				"0161AD10ECF9FC15B4D62FA5",
				"7521829E19EB39ADA9C30F2C",
				"941339B6693518E06AFDFA71",
				"D962E295C7ED775CA5907DA7",
				"6A591DB0858827BCB74C76B4",
				"08438AB469194E5C3A807464",
				"65D90B9EAC6CAA40B2A0B757",
				"012D27F38C33954ECEB20788",
				"8F8E44F072B594C076EE6A0D",
				"C436C757AC360780C83DDA2F",
				"03976E2939E12ABA1246FCE5");
			name = "Headers";
			refType = 4;
		};
		DE5386A4B70818E0FDE3B8A0 = {
			isa = PBXGroup;
			children = (
				"37720011F7FFD405FADED0AB");
			name = "resource";
			refType = 4;
		};
		FB61758D0F0FDA4BA867C3D5 = {
			isa = PBXGroup;
			children = (
				"118FCBAABA162BA17933C789",
				"86B26EDE2FE672340F83FFDB",
				"8F83046317BE2EF801B6F9ED",
				"DB85F957A3E5A83EBFE8BC64",
				"0E57693606E258D70C67BC46",
				"2E0F908FBC8DCF76D85A0FD8",
				"6407C5383D30C00990E8194F",
				"9A5FDA4B40DB5999B248CBD8",
				"05CC5CFAFABBD83D7AB4F7EB",
				"74D48F3C9988ED5D833D1803",
				"D4F966392D93DA5D7639A5E2",
				"EA6DA988F35CA34E6ABC504E",
				"2AA8D83C4531568A439473C0",
				"C038DDFB1D890C4B6F0201A6",
				"0CC077725A96D5D854DE39EF",
				"FA3F952CC6514F50EFC5CCCD",
				"DE5386A4B70818E0FDE3B8A0");
			name = "Sources";
			refType = 4;
		};
		EEC299C65D5017EB9DD513B0 = {
			isa = PBXGroup;
			children = (
				"107255EF6D58DBE9ED47FFE7",
				"1397E33CC3BE8EAAFCC00D74");
			name = "Sources [UIC]";
			refType = 4;
		};
		7CABE3C80E79AD2B307756D2 = {
			isa = PBXGroup;
			children = (
				"E5EFC0242E5262E8D151D7DE");
			name = "Sources [qmake]";
			refType = 4;
		};
		46E892BBB6BB6952967E0561 = {
			isa = PBXGroup;
			children = (
				"219ABDD29F250EBA2C28ED9D",
				"00B798271B728B6A3077A63D",
				"0DBB87C1D5C512708C3ABB32",
				"D61FE986D2C6ED9869D496B7",
				"1B966187DF2FB29875A5AB62",
				"292AFBD9FAC6AC4430873B2D",
				"80A22EC9EE5111359BF6273A",
				"7FF7D323CCE8BEB3C08019DD",
				"397DEA66F4DFB9FAAECC3177",
				"9CEA4AD6125B1C01BB6D6F03",
				"A32D1170E18281C493DDBA07",
				"5BD221F8B84485077CEEDD64",
				"E890A25EB7ADA40FC5C4FAF6",
				"71A16BC7A5F718FE4D23E32B",
				"A8B635DEEF8E494D636B30F2",
				"695020DF01BE69D986417AFC");
			name = "Temporary Sources";
			refType = 4;
		};
		A0A52A2ADF7A1E2A99738674 = {
			buildActionMask = 2147483647;
			files = (
				);
			generatedFileNames = (
				"2B093CA6F071B023A473CED0",
				"A6FD49F6C258A505C9742C98",
				"0BBF6FCD633B66A814EB3F55",
				"4CD75F4D8FF728217FDA1E57",
				"401B1C7917B75BA51BF3888A",
				"8CACAF86472BB8A73594A685",
				"01CCF0266A4887B3DC66F6A3",
				"1AB5F06D7A39F955C35EED6A",
				"BF72B6438882C532CBC5E77B",
				"37830B30A8E903181208BB58",
				"CEACBEE3D9EA029CF1EB6674",
				"32B6EABD1E081B1581E06965",
				"B9FF43993C322397B2EFD025",
				"16BB3A82ABD2945FF95D9C6C",
				"DCD3B400DB430891912CE1EB",
				"B79DA07CF44C29DBA6EAFF7C",
				"B15CFED8AB1B507EA9CFE3EB",
				"257B7399075AB3E894DBE0BD",
				"F81D97C0A065A5C88F7B9996",
				"C929A4AC131EC9F09A5FA95A",
				"CEFB81FA5E38478A7ABAD373",
				"7E9497B33B7731F2F6D81F1A",
				"1E3AD43F77CED411D964A479",
				"7F8162002E5ACF4E222E47BE",
				"43B993D6D89B32FF11DEFAB3",
				"FF0C4A95434799F569747E58",
				"FB4512BC89CC22FBE8238DB1",
				"9E9C8983BAD074845706C305",
				"4A1A7003003F95F8810B3B80",
				"2B48C14917AAEDB92EFF2331");
			isa = PBXShellScriptBuildPhase;
			name = "Qt Preprocessors";
			neededFileNames = (
				"2B093CA6F071B023A473CED0",
				"A6FD49F6C258A505C9742C98",
				"0BBF6FCD633B66A814EB3F55",
				"4CD75F4D8FF728217FDA1E57",
				"401B1C7917B75BA51BF3888A",
				"8CACAF86472BB8A73594A685",
				"01CCF0266A4887B3DC66F6A3",
				"1AB5F06D7A39F955C35EED6A",
				"BF72B6438882C532CBC5E77B",
				"37830B30A8E903181208BB58",
				"CEACBEE3D9EA029CF1EB6674",
				"32B6EABD1E081B1581E06965",
				"B9FF43993C322397B2EFD025",
				"16BB3A82ABD2945FF95D9C6C",
				"DCD3B400DB430891912CE1EB",
				"B79DA07CF44C29DBA6EAFF7C",
				"B15CFED8AB1B507EA9CFE3EB",
				"257B7399075AB3E894DBE0BD",
				"F81D97C0A065A5C88F7B9996",
				"C929A4AC131EC9F09A5FA95A",
				"CEFB81FA5E38478A7ABAD373",
				"7E9497B33B7731F2F6D81F1A",
				"1E3AD43F77CED411D964A479",
				"7F8162002E5ACF4E222E47BE",
				"43B993D6D89B32FF11DEFAB3",
				"FF0C4A95434799F569747E58",
				"FB4512BC89CC22FBE8238DB1",
				"9E9C8983BAD074845706C305",
				"4A1A7003003F95F8810B3B80",
				"2B48C14917AAEDB92EFF2331");
			shellPath = "/bin/sh";
			shellScript = "make\ -C\ /Users/gipsonb/Projects/2dx-stable/2dx_merge\ -f\ 2dx_merge.xcodeproj/qt_preprocess.mak";
		};
		C29B8785722055ED95EF7B57 = {
			buildActionMask = 2147483647;
			files = (
				"2B093CA6F071B023A473CED0",
				"A6FD49F6C258A505C9742C98",
				"0BBF6FCD633B66A814EB3F55",
				"4CD75F4D8FF728217FDA1E57",
				"401B1C7917B75BA51BF3888A",
				"8CACAF86472BB8A73594A685",
				"01CCF0266A4887B3DC66F6A3",
				"1AB5F06D7A39F955C35EED6A",
				"BF72B6438882C532CBC5E77B",
				"37830B30A8E903181208BB58",
				"CEACBEE3D9EA029CF1EB6674",
				"32B6EABD1E081B1581E06965",
				"B9FF43993C322397B2EFD025",
				"16BB3A82ABD2945FF95D9C6C",
				"DCD3B400DB430891912CE1EB",
				"B79DA07CF44C29DBA6EAFF7C",
				"B15CFED8AB1B507EA9CFE3EB",
				"257B7399075AB3E894DBE0BD",
				"F81D97C0A065A5C88F7B9996",
				"C929A4AC131EC9F09A5FA95A",
				"CEFB81FA5E38478A7ABAD373",
				"7E9497B33B7731F2F6D81F1A",
				"1E3AD43F77CED411D964A479",
				"7F8162002E5ACF4E222E47BE",
				"43B993D6D89B32FF11DEFAB3",
				"FF0C4A95434799F569747E58",
				"FB4512BC89CC22FBE8238DB1",
				"9E9C8983BAD074845706C305",
				"4A1A7003003F95F8810B3B80",
				"2B48C14917AAEDB92EFF2331");
			isa = PBXSourcesBuildPhase;
			name = "Build Sources";
		};
		6787D88D34CCE388C1136A41 = {
			isa = PBXFileReference;
			name = "conf";
			path = "../lib/common/libconf.a";
			refType = 4;
		};
		C0A837553CCBE32667C885AB = {
			fileRef = "6787D88D34CCE388C1136A41";
			isa = PBXBuildFile;
			settings = {
			};
		};
		4EA68D53D2CE14FDD9B0D74F = {
			isa = PBXFileReference;
			name = "widgets";
			path = "../lib/common/libwidgets.a";
			refType = 4;
		};
		D51DDB2F055020E39B011B89 = {
			fileRef = "4EA68D53D2CE14FDD9B0D74F";
			isa = PBXBuildFile;
			settings = {
			};
		};
		5B203E0B93A1564650BC0A18 = {
			isa = PBXFileReference;
			name = "mrcImage";
			path = "../lib/common/libmrcImage.a";
			refType = 4;
		};
		E446E750CCBB1393CDC78924 = {
			fileRef = "5B203E0B93A1564650BC0A18";
			isa = PBXBuildFile;
			settings = {
			};
		};
		E4EB38A7BBA6D70CD566E786 = {
			isa = PBXFileReference;
			name = "extentions";
			path = "../lib/common/libextentions.a";
			refType = 4;
		};
		0799AB15A291AE74B8620262 = {
			fileRef = "E4EB38A7BBA6D70CD566E786";
			isa = PBXBuildFile;
			settings = {
			};
		};
		211E167C6D84B224E0231D07 = {
			isa = PBXFrameworkReference;
			name = "QtScript.framework";
			path = "/Library/Frameworks/QtScript.framework";
			refType = 0;
		};
		FA4EB477BC2C58FB0934CE07 = {
			fileRef = "211E167C6D84B224E0231D07";
			isa = PBXBuildFile;
			settings = {
			};
		};
		C374004D45E01156F931B37D = {
			isa = PBXFrameworkReference;
			name = "QtOpenGL.framework";
			path = "/Library/Frameworks/QtOpenGL.framework";
			refType = 0;
		};
		450A0D11527AF164AEFE7377 = {
			fileRef = "C374004D45E01156F931B37D";
			isa = PBXBuildFile;
			settings = {
			};
		};
		9B36DA7E32F0304E780E7972 = {
			isa = PBXFrameworkReference;
			name = "QtGui.framework";
			path = "/Library/Frameworks/QtGui.framework";
			refType = 0;
		};
		501667F26B3C1FF6767A7C12 = {
			fileRef = "9B36DA7E32F0304E780E7972";
			isa = PBXBuildFile;
			settings = {
			};
		};
		DA138F75C9F545CDAE7FB264 = {
			isa = PBXFrameworkReference;
			name = "Carbon.framework";
			path = "/System/Library/Frameworks/Carbon.framework";
			refType = 0;
		};
		C8FD4A1AAA37CF2CA2824CCF = {
			fileRef = "DA138F75C9F545CDAE7FB264";
			isa = PBXBuildFile;
			settings = {
			};
		};
		821416211D63F190AAAD016A = {
			isa = PBXFrameworkReference;
			name = "AppKit.framework";
			path = "/System/Library/Frameworks/AppKit.framework";
			refType = 0;
		};
		51D4DBF7CB8537BE86EBD055 = {
			fileRef = "821416211D63F190AAAD016A";
			isa = PBXBuildFile;
			settings = {
			};
		};
		B6B9970B86A6C219B0869FE9 = {
			isa = PBXFrameworkReference;
			name = "QtNetwork.framework";
			path = "/Library/Frameworks/QtNetwork.framework";
			refType = 0;
		};
		3826A0833FCB54E86728C6EF = {
			fileRef = "B6B9970B86A6C219B0869FE9";
			isa = PBXBuildFile;
			settings = {
			};
		};
		60EF245C130E8583D7F93F3C = {
			isa = PBXFrameworkReference;
			name = "SystemConfiguration.framework";
			path = "/System/Library/Frameworks/SystemConfiguration.framework";
			refType = 0;
		};
		B0A05EFA293371CDA6918C63 = {
			fileRef = "60EF245C130E8583D7F93F3C";
			isa = PBXBuildFile;
			settings = {
			};
		};
		7BC2E65A5E699A5E5D834CA2 = {
			isa = PBXFrameworkReference;
			name = "QtCore.framework";
			path = "/Library/Frameworks/QtCore.framework";
			refType = 0;
		};
		069D05B0128AE5DC7EE31738 = {
			fileRef = "7BC2E65A5E699A5E5D834CA2";
			isa = PBXBuildFile;
			settings = {
			};
		};
		27AE7A480FD6C52FCA80FECD = {
			isa = PBXFrameworkReference;
			name = "ApplicationServices.framework";
			path = "/System/Library/Frameworks/ApplicationServices.framework";
			refType = 0;
		};
		F9E76E570E10AF14870553A7 = {
			fileRef = "27AE7A480FD6C52FCA80FECD";
			isa = PBXBuildFile;
			settings = {
			};
		};
		DA18A6831232F53228631AD1 = {
			isa = PBXFrameworkReference;
			name = "OpenGL.framework";
			path = "/System/Library/Frameworks/OpenGL.framework";
			refType = 0;
		};
		BCEF71E1EDFB18DA77DC750B = {
			fileRef = "DA18A6831232F53228631AD1";
			isa = PBXBuildFile;
			settings = {
			};
		};
		C6766F86E49E9C8701C8E637 = {
			isa = PBXFrameworkReference;
			name = "AGL.framework";
			path = "/System/Library/Frameworks/AGL.framework";
			refType = 0;
		};
		0C6D4628EE0B0D1479A20551 = {
			fileRef = "C6766F86E49E9C8701C8E637";
			isa = PBXBuildFile;
			settings = {
			};
		};
		ED1E82605DD74B483AF3C982 = {
			children = (
				"6787D88D34CCE388C1136A41",
				"4EA68D53D2CE14FDD9B0D74F",
				"5B203E0B93A1564650BC0A18",
				"E4EB38A7BBA6D70CD566E786",
				"211E167C6D84B224E0231D07",
				"C374004D45E01156F931B37D",
				"9B36DA7E32F0304E780E7972",
				"DA138F75C9F545CDAE7FB264",
				"821416211D63F190AAAD016A",
				"B6B9970B86A6C219B0869FE9",
				"60EF245C130E8583D7F93F3C",
				"7BC2E65A5E699A5E5D834CA2",
				"27AE7A480FD6C52FCA80FECD",
				"DA18A6831232F53228631AD1",
				"C6766F86E49E9C8701C8E637");
			isa = PBXGroup;
			name = "External Frameworks and Libraries";
			path = "";
			refType = 4;
		};
		2A1043669E6E5A7426EA502A = {
			buildActionMask = 2147483647;
			files = (
				"C0A837553CCBE32667C885AB",
				"D51DDB2F055020E39B011B89",
				"E446E750CCBB1393CDC78924",
				"0799AB15A291AE74B8620262",
				"FA4EB477BC2C58FB0934CE07",
				"450A0D11527AF164AEFE7377",
				"501667F26B3C1FF6767A7C12",
				"C8FD4A1AAA37CF2CA2824CCF",
				"51D4DBF7CB8537BE86EBD055",
				"3826A0833FCB54E86728C6EF",
				"B0A05EFA293371CDA6918C63",
				"069D05B0128AE5DC7EE31738",
				"F9E76E570E10AF14870553A7",
				"BCEF71E1EDFB18DA77DC750B",
				"0C6D4628EE0B0D1479A20551");
			isa = PBXFrameworksBuildPhase;
			name = "Frameworks & Libraries";
		};
		3787F99312C85FF0073FD7BA = {
			buildActionMask = 2147483647;
			files = (
				AAA54336672CBB15190FA9AC,
			);
			isa = PBXResourcesBuildPhase;
			name = "Bundle Resources";
		};
		F6069D5A5DA8AA28EDB8B3C6 = {
			name = "Project Copy";
			buildActionMask = 2147483647;
			dstPath = "/Users/gipsonb/Projects/2dx-stable/2dx_merge";
			dstSubfolderSpec = 0;
			files = (
"07E0DFA73EB56DCB9E28CDD9");
			isa = PBXCopyFilesBuildPhase;
			runOnlyForDeploymentPostprocessing = 0;
		};
		07E0DFA73EB56DCB9E28CDD9 = {
			fileRef = "0137CD370AB027E69B244A75";
			isa = PBXBuildFile;
			settings = {
			};
		};
		05596AB53D8D521C69802C27 = {
			children = (
				"FB61758D0F0FDA4BA867C3D5",
				"46E892BBB6BB6952967E0561",
				"883D7615C4D2DE3FA1218F12",
				"7CABE3C80E79AD2B307756D2",
				"EEC299C65D5017EB9DD513B0",
				"ED1E82605DD74B483AF3C982");
			isa = PBXGroup;
			name = "2dx_merge";
			path = "";
			refType = 4;
		};
		0137CD370AB027E69B244A75 = {
			isa = PBXFileReference;
			explicitFileType = "wrapper.application";
			path = "2dx_merge.app";
			refType = 3;
			sourceTree = BUILT_PRODUCTS_DIR;
		};
		068F80C7519D0528FB08E821 = {
			children = (
				"0137CD370AB027E69B244A75");
			isa = PBXGroup;
			name = "Products";
			refType = 4;
		};
		B22628D214B3F6AE6BC89354 = {
			buildPhases = (
				"D7BA7D76DAB5DD13389D6332",
				"A0A52A2ADF7A1E2A99738674",
				"F6069D5A5DA8AA28EDB8B3C6",
				"C29B8785722055ED95EF7B57",
				"2A1043669E6E5A7426EA502A",
				"3787F99312C85FF0073FD7BA");
			buildSettings = {
				HEADER_SEARCH_PATHS = (
					"/Library/Frameworks/QtCore.framework/Versions/4/Headers",
					"/usr/include/QtCore",
					"/Library/Frameworks/QtNetwork.framework/Versions/4/Headers",
					"/usr/include/QtNetwork",
					"/Library/Frameworks/QtGui.framework/Versions/4/Headers",
					"/usr/include/QtGui",
					"/Library/Frameworks/QtOpenGL.framework/Versions/4/Headers",
					"/usr/include/QtOpenGL",
					"/Library/Frameworks/QtScript.framework/Versions/4/Headers",
					"/usr/include/QtScript",
					"/usr/include",
					"../include",
					"/System/Library/Frameworks/OpenGL.framework/Versions/A/Headers",
					"/System/Library/Frameworks/AGL.framework/Headers",
					".",
					".",
					"/usr/local/include",
					"/System/Library/Frameworks/CarbonCore.framework/Headers",
					"/usr/local/Qt4.5/mkspecs/macx-xcode");
				LIBRARY_SEARCH_PATHS = (
					"/Library/Frameworks",
					"/usr/local/ccp4/lib",
					"/Users/gipsonb/Projects/2dx-stable/lib/common",
					"/System/Library/Frameworks/");
				OPTIMIZATION_CFLAGS = (
					);
				OTHER_CFLAGS = (
					"-pipe",
					"-Os",
					"-Wall",
					"-W",
					"-DQT_NO_DEBUG",
					"-DQT_SCRIPT_LIB",
					"-DQT_OPENGL_LIB",
					"-DQT_GUI_LIB",
					"-DQT_NETWORK_LIB",
					"-DQT_CORE_LIB",
					"-DQT_SHARED");
				OTHER_CPLUSPLUSFLAGS = (
					"-pipe",
					"-Os",
					"-Wall",
					"-W",
					"-DQT_NO_DEBUG",
					"-DQT_SCRIPT_LIB",
					"-DQT_OPENGL_LIB",
					"-DQT_GUI_LIB",
					"-DQT_NETWORK_LIB",
					"-DQT_CORE_LIB",
					"-DQT_SHARED");
				LEXFLAGS = "";
				YACCFLAGS = "-d";
				OTHER_REZFLAGS = "";
				SECTORDER_FLAGS = "";
				WARNING_CFLAGS = "";
				PREBINDING = NO;
				INFOPLIST_FILE = "Info.plist";
				BUILD_ROOT = "/Users/gipsonb/Projects/2dx-stable/2dx_merge";
				OTHER_LDFLAGS = (
						"-headerpad_max_install_names",
						"-L/Library/Frameworks",
						"-F/Library/Frameworks",
						"-L/usr/local/ccp4/lib",
						"-L/Users/gipsonb/Projects/2dx-stable/lib/common",
						"-lfftw3f",
						"-lz",
						"-lm");
				DYLIB_CURRENT_VERSION = "1.0.0";
				DYLIB_COMPATIBILITY_VERSION = "1.0";
				MACOSX_DEPLOYMENT_TARGET = "10.3";
				PRODUCT_NAME = "2dx_merge";
			};
			conditionalBuildSettings = {
			};
			dependencies = (
				);
			productReference = "0137CD370AB027E69B244A75";
			shouldUseHeadermap = 1;
			isa = PBXNativeTarget;
			productType = "com.apple.product-type.application";
			productSettingsXML = "<?xml version=\"1.0\" encoding=\"UTF-8\"?>
<!DOCTYPE plist SYSTEM \"file://localhost/System/Library/DTDs/PropertyList.dtd\">
<plist version=\"0.9\">
<dict>
	<key>CFBundleIconFile</key>
	<string>icon.icns</string>
	<key>CFBundlePackageType</key>
	<string>APPL</string>
    <key>CFBundleGetInfoString</key>
	<string>Created by Qt/QMake</string>
	<key>CFBundleSignature</key>
	<string>????</string>
	<key>CFBundleExecutable</key>
	<string>2dx_merge</string>
	<key>CFBundleIdentifier</key>
	<string>com.yourcompany.2dx_merge</string>
	<key>NOTE</key>
	<string>This file was generated by Qt/QMake.</string>
</dict>
</plist>
";
			name = "2dx_merge";
			productName = "2dx_merge";
			startupPath = "<<ProjectDirectory>>";
		};
		8DB1DD96F65B1BF1FFC506E0 = {
			isa = XCBuildConfiguration;
			buildSettings = {
				COPY_PHASE_STRIP = "NO";
				GCC_GENERATE_DEBUGGING_SYMBOLS = "YES";
				GCC_OPTIMIZATION_LEVEL = "0";
			};
			name = "Debug";
		};
		2C641C3335766025DD51B7BD = {
			buildRules = (
				);
			buildSettings = {
				COPY_PHASE_STRIP = "NO";
				GCC_GENERATE_DEBUGGING_SYMBOLS = "YES";
				GCC_OPTIMIZATION_LEVEL = "0";
			};
			isa = "PBXBuildStyle";
			name = "Debug";
		};
		95E1EB2E5DDD587BE5B3E548 = {
			isa = XCBuildConfiguration;
			buildSettings = {
				COPY_PHASE_STRIP = "YES";
				GCC_GENERATE_DEBUGGING_SYMBOLS = "NO";
			};
			name = "Release";
		};
		26DE8D2AEA4B3714B41E931F = {
			buildRules = (
				);
			buildSettings = {
				COPY_PHASE_STRIP = "YES";
				GCC_GENERATE_DEBUGGING_SYMBOLS = "NO";
			};
			isa = "PBXBuildStyle";
			name = "Release";
		};
		2A951308CDB28F104D0A4BD2 = {
			isa = XCConfigurationList;
			buildConfigurations = (
				"8DB1DD96F65B1BF1FFC506E0",
				"95E1EB2E5DDD587BE5B3E548");
			defaultConfigurationIsVisible = 0;
			defaultConfigurationIsName = "Release";
		};
		91B15E841AA80083484172DE = {
			buildStyles = (
				"2C641C3335766025DD51B7BD",
				"26DE8D2AEA4B3714B41E931F");
			hasScannedForEncodings = 1;
			isa = PBXProject;
			mainGroup = "05596AB53D8D521C69802C27";
			buildConfigurationList = "2A951308CDB28F104D0A4BD2";
			projectDirPath = "";
			targets = (
				"B22628D214B3F6AE6BC89354");
		};
	};
	rootObject = "91B15E841AA80083484172DE";
}
