// !$*UTF8*$!
{
	archiveVersion = 1;
	classes = {
	};
	objectVersion = 42;
	objects = {
		4A000FA246599DBD00013101 = {
			isa = PBXFileReference;
			lastKnownFileType = "wrapper.pb-project";
			name = "mrcImage.xcodeproj";
			path = "/Users/marheit/code/2dx/trunk/lib/src/mrcImage/mrcImage.xcodeproj";
			refType = 0;
			sourceTree = "<absolute>";
		};
		18D0DC471FF214FD7CA17A51 = {
			isa = PBXReferenceProxy;
			fileType = "compiled.mach-o.dylib";
			path = "mrcImage.dylib";
			refType = 3;
			remoteRef = "207658133A89C37B1BA11FB6";
			sourceTree = BUILT_PRODUCTS_DIR;
		};
		207658133A89C37B1BA11FB6 = {
			containerPortal = "4A000FA246599DBD00013101";
			isa = PBXContainerItemProxy;
			proxyType = "2";
			remoteGlobalIDString = "491244B7688163B0689C0563";
			remoteInfo = "mrcImage";
		};
		1854C97681B25B970DC82E7A = {
			children = (
				);
			isa = PBXGroup;
			name = "Products";
			refType = 4;
			sourceTree = "<group>";
		};
		C62D0CDB914388A93EE5A7CE = {
			isa = PBXFileReference;
			lastKnownFileType = "wrapper.pb-project";
			name = "extentions.xcodeproj";
			path = "/Users/marheit/code/2dx/trunk/lib/src/extentions/extentions.xcodeproj";
			refType = 0;
			sourceTree = "<absolute>";
		};
		5C604B0352BEE45FD07C1D3A = {
			isa = PBXReferenceProxy;
			fileType = "compiled.mach-o.dylib";
			path = "extentions.dylib";
			refType = 3;
			remoteRef = "D50D61FFF1F258FB46D6C651";
			sourceTree = BUILT_PRODUCTS_DIR;
		};
		D50D61FFF1F258FB46D6C651 = {
			containerPortal = "C62D0CDB914388A93EE5A7CE";
			isa = PBXContainerItemProxy;
			proxyType = "2";
			remoteGlobalIDString = "F0F29D6076542C9365E41367";
			remoteInfo = "extentions";
		};
		39C301A00E6770D75A5145E3 = {
			children = (
				);
			isa = PBXGroup;
			name = "Products";
			refType = 4;
			sourceTree = "<group>";
		};
		B2A2D94BC0E5A82DA3503E81 = {
			isa = XCBuildConfiguration;
			buildSettings = {
				COPY_PHASE_STRIP = "NO";
			};
			name = "Debug";
		};
		026D935CF87BC5A57D066772 = {
			buildRules = (
				);
			buildSettings = {
				COPY_PHASE_STRIP = "NO";
			};
			isa = PBXBuildStyle;
			name = "Debug";
		};
		C6EE5F4E4F422FDDBF285003 = {
			isa = XCBuildConfiguration;
			buildSettings = {
				COPY_PHASE_STRIP = "YES";
				GCC_GENERATE_DEBUGGING_SYMBOLS = "NO";
			};
			name = "Release";
		};
		17D1799BD08EB4FFE0CBC60F = {
			buildRules = (
				);
			buildSettings = {
				COPY_PHASE_STRIP = "YES";
				GCC_GENERATE_DEBUGGING_SYMBOLS = "NO";
			};
			isa = PBXBuildStyle;
			name = "Release";
		};
		30E61B081CF688BCA30A6135 = {
			isa = XCConfigurationList;
			buildConfigurations = (
				"B2A2D94BC0E5A82DA3503E81",
				"C6EE5F4E4F422FDDBF285003");
			defaultConfigurationIsVisible = 0;
			defaultConfigurationIsName = "Release";
		};
		0E71022E8970293824BA089C = {
			children = (
				"4A000FA246599DBD00013101",
				"C62D0CDB914388A93EE5A7CE");
			isa = PBXGroup;
			refType = 4;
			sourceTree = "<group>";
		};
		83F5E4B52EF1918F746DF6D4 = {
			buildSettings = {
			};
			buildStyles = (
				"026D935CF87BC5A57D066772",
				"17D1799BD08EB4FFE0CBC60F");
			isa = PBXProject;
			mainGroup = "0E71022E8970293824BA089C";
			projectDirPath = "";
			buildConfigurationList = "30E61B081CF688BCA30A6135";
			projectReferences = (
				{
					ProductGroup = "1854C97681B25B970DC82E7A";
					ProjectRef = "4A000FA246599DBD00013101";
				},
				{
					ProductGroup = "39C301A00E6770D75A5145E3";
					ProjectRef = "C62D0CDB914388A93EE5A7CE";
				},
			);
			targets = (
				);
		};
	};
	rootObject = "83F5E4B52EF1918F746DF6D4";
}
