// !$*UTF8*$!
{
	archiveVersion = 1;
	classes = {
	};
	objectVersion = 42;
	objects = {
		D7BA7D76DAB5DD13389D6332 = {
			buildActionMask = 2147483647;
			files = (
				);
			generatedFileNames = (
				);
			isa = PBXShellScriptBuildPhase;
			name = "Qt Qmake";
			neededFileNames = (
				);
			shellPath = "/bin/sh";
			shellScript = "make\ -C\ /Users/gipsonb/Projects/2dx-stable/lib/src/widgets\ -f\ widgets.xcodeproj/qt_makeqmake.mak";
		};
		1AD870355ADB3B6BEF06528C = {
			isa = PBXFileReference;
			name = "scriptProgress.cpp";
			path = "scriptProgress.cpp";
			refType = 4;
			lastKnownFileType = "sourcecode.cpp.cpp";
		};
		900703D679C45C77F8680C6D = {
			fileRef = "1AD870355ADB3B6BEF06528C";
			isa = PBXBuildFile;
			settings = {
				ATTRIBUTES = (
					);
			};
		};
		CBCF998419D0D7D1EAFFFD23 = {
			isa = PBXFileReference;
			name = "aboutWindow.cpp";
			path = "aboutWindow.cpp";
			refType = 4;
			lastKnownFileType = "sourcecode.cpp.cpp";
		};
		67C60D1395D67C6C74C0EBA2 = {
			fileRef = "CBCF998419D0D7D1EAFFFD23";
			isa = PBXBuildFile;
			settings = {
				ATTRIBUTES = (
					);
			};
		};
		1AE6107D01EFB5B4799061C7 = {
			isa = PBXFileReference;
			name = "graphicalButton.cpp";
			path = "graphicalButton.cpp";
			refType = 4;
			lastKnownFileType = "sourcecode.cpp.cpp";
		};
		2D7C376B94918519F6A1E31B = {
			fileRef = "1AE6107D01EFB5B4799061C7";
			isa = PBXBuildFile;
			settings = {
				ATTRIBUTES = (
					);
			};
		};
		234B301C2315887950C5362F = {
			isa = PBXFileReference;
			name = "viewContainer.cpp";
			path = "viewContainer.cpp";
			refType = 4;
			lastKnownFileType = "sourcecode.cpp.cpp";
		};
		A1100DFDC04DDF1AF33A9368 = {
			fileRef = "234B301C2315887950C5362F";
			isa = PBXBuildFile;
			settings = {
				ATTRIBUTES = (
					);
			};
		};
		AED0B67D17D890832F8E797A = {
			isa = PBXFileReference;
			name = "LogViewer.cpp";
			path = "LogViewer.cpp";
			refType = 4;
			lastKnownFileType = "sourcecode.cpp.cpp";
		};
		7777126CCA15E3C6108A2325 = {
			fileRef = "AED0B67D17D890832F8E797A";
			isa = PBXBuildFile;
			settings = {
				ATTRIBUTES = (
					);
			};
		};
		197967E930FC01E84D90877F = {
			isa = PBXFileReference;
			name = "confInterface.cpp";
			path = "confInterface.cpp";
			refType = 4;
			lastKnownFileType = "sourcecode.cpp.cpp";
		};
		1D4B7BE8147517D207044852 = {
			fileRef = "197967E930FC01E84D90877F";
			isa = PBXBuildFile;
			settings = {
				ATTRIBUTES = (
					);
			};
		};
		FE3F1C69CDA9DE344693603C = {
			isa = PBXFileReference;
			name = "confInput.cpp";
			path = "confInput.cpp";
			refType = 4;
			lastKnownFileType = "sourcecode.cpp.cpp";
		};
		5433709AE8CA5199A0C8C8F6 = {
			fileRef = "FE3F1C69CDA9DE344693603C";
			isa = PBXBuildFile;
			settings = {
				ATTRIBUTES = (
					);
			};
		};
		61B86C1F49D8174F66F29191 = {
			isa = PBXFileReference;
			name = "confValidator.cpp";
			path = "confValidator.cpp";
			refType = 4;
			lastKnownFileType = "sourcecode.cpp.cpp";
		};
		2CAA0332A5E2C8DA6AE8577B = {
			fileRef = "61B86C1F49D8174F66F29191";
			isa = PBXBuildFile;
			settings = {
				ATTRIBUTES = (
					);
			};
		};
		AE21B575A264BDCBA8E19ED2 = {
			isa = PBXFileReference;
			name = "controlBar.cpp";
			path = "controlBar.cpp";
			refType = 4;
			lastKnownFileType = "sourcecode.cpp.cpp";
		};
		B556030CD83348563EF6AEC6 = {
			fileRef = "AE21B575A264BDCBA8E19ED2";
			isa = PBXBuildFile;
			settings = {
				ATTRIBUTES = (
					);
			};
		};
		54928632008F9D00F1CAB107 = {
			isa = PBXFileReference;
			name = "levelGroup.cpp";
			path = "levelGroup.cpp";
			refType = 4;
			lastKnownFileType = "sourcecode.cpp.cpp";
		};
		10BBE277FC14A0DFDEC247D7 = {
			fileRef = "54928632008F9D00F1CAB107";
			isa = PBXBuildFile;
			settings = {
				ATTRIBUTES = (
					);
			};
		};
		04E53D21F5C9734BA63D088A = {
			isa = PBXFileReference;
			name = "mrcHeaderDisplay.cpp";
			path = "mrcHeaderDisplay.cpp";
			refType = 4;
			lastKnownFileType = "sourcecode.cpp.cpp";
		};
		AC39DD04315EE9CDFFC1C6A9 = {
			fileRef = "04E53D21F5C9734BA63D088A";
			isa = PBXBuildFile;
			settings = {
				ATTRIBUTES = (
					);
			};
		};
		FCB0D3924BCD38987A950B63 = {
			isa = PBXFileReference;
			name = "imagePreview.cpp";
			path = "imagePreview.cpp";
			refType = 4;
			lastKnownFileType = "sourcecode.cpp.cpp";
		};
		9CEECF978861531F68A25DE6 = {
			fileRef = "FCB0D3924BCD38987A950B63";
			isa = PBXBuildFile;
			settings = {
				ATTRIBUTES = (
					);
			};
		};
		3B801FC2C95FF102691869E0 = {
			isa = PBXFileReference;
			name = "scriptModule.cpp";
			path = "scriptModule.cpp";
			refType = 4;
			lastKnownFileType = "sourcecode.cpp.cpp";
		};
		6DCEB656212B5DEDB1907580 = {
			fileRef = "3B801FC2C95FF102691869E0";
			isa = PBXBuildFile;
			settings = {
				ATTRIBUTES = (
					);
			};
		};
		8707E45494C33730ADE53FD5 = {
			isa = PBXFileReference;
			name = "SpinBoxDelegate.cpp";
			path = "SpinBoxDelegate.cpp";
			refType = 4;
			lastKnownFileType = "sourcecode.cpp.cpp";
		};
		D57C587F3F6D42203AB412E1 = {
			fileRef = "8707E45494C33730ADE53FD5";
			isa = PBXBuildFile;
			settings = {
				ATTRIBUTES = (
					);
			};
		};
		6F52D9B59ED34685E2193BA7 = {
			isa = PBXFileReference;
			name = "confSectionHeader.cpp";
			path = "confSectionHeader.cpp";
			refType = 4;
			lastKnownFileType = "sourcecode.cpp.cpp";
		};
		14D682CCA5B79D4CD02C9FCC = {
			fileRef = "6F52D9B59ED34685E2193BA7";
			isa = PBXBuildFile;
			settings = {
				ATTRIBUTES = (
					);
			};
		};
		B092BBCF0490A2F48570BF32 = {
			isa = PBXFileReference;
			name = "imageViewer.cpp";
			path = "imageViewer.cpp";
			refType = 4;
			lastKnownFileType = "sourcecode.cpp.cpp";
		};
		5B9597D035FDD877B8CF3680 = {
			fileRef = "B092BBCF0490A2F48570BF32";
			isa = PBXBuildFile;
			settings = {
				ATTRIBUTES = (
					);
			};
		};
		40B6F2676CCCD938A3123A64 = {
			isa = PBXFileReference;
			name = "confManual.cpp";
			path = "confManual.cpp";
			refType = 4;
			lastKnownFileType = "sourcecode.cpp.cpp";
		};
		87B974F9BBD9C9692021BAAE = {
			fileRef = "40B6F2676CCCD938A3123A64";
			isa = PBXBuildFile;
			settings = {
				ATTRIBUTES = (
					);
			};
		};
		A596A2A314DAAC45C335FFE6 = {
			isa = PBXFileReference;
			name = "confModel.cpp";
			path = "confModel.cpp";
			refType = 4;
			lastKnownFileType = "sourcecode.cpp.cpp";
		};
		0853934421E8489CC46948C1 = {
			fileRef = "A596A2A314DAAC45C335FFE6";
			isa = PBXBuildFile;
			settings = {
				ATTRIBUTES = (
					);
			};
		};
		BC0324106456A7AA626D6565 = {
			isa = PBXFileReference;
			name = "textBrowser.cpp";
			path = "textBrowser.cpp";
			refType = 4;
			lastKnownFileType = "sourcecode.cpp.cpp";
		};
		BEEF94D1786E263F3238F1CE = {
			fileRef = "BC0324106456A7AA626D6565";
			isa = PBXBuildFile;
			settings = {
				ATTRIBUTES = (
					);
			};
		};
		90A66A3865A75805B03003BE = {
			isa = PBXFileReference;
			name = "updateWindow.cpp";
			path = "updateWindow.cpp";
			refType = 4;
			lastKnownFileType = "sourcecode.cpp.cpp";
		};
		B454CABC9F38DAB289D07114 = {
			fileRef = "90A66A3865A75805B03003BE";
			isa = PBXBuildFile;
			settings = {
				ATTRIBUTES = (
					);
			};
		};
		2A25A374AEC99AFBE30596F4 = {
			isa = PBXFileReference;
			name = "resizeableStackedWidget.cpp";
			path = "resizeableStackedWidget.cpp";
			refType = 4;
			lastKnownFileType = "sourcecode.cpp.cpp";
		};
		CDE0C8259D9F8A01124C08D4 = {
			fileRef = "2A25A374AEC99AFBE30596F4";
			isa = PBXBuildFile;
			settings = {
				ATTRIBUTES = (
					);
			};
		};
		1C024940F0BFEC58F9795E67 = {
			isa = PBXFileReference;
			name = "confEditor.cpp";
			path = "confEditor.cpp";
			refType = 4;
			lastKnownFileType = "sourcecode.cpp.cpp";
		};
		A62283C6ECAFE0709DAD5763 = {
			fileRef = "1C024940F0BFEC58F9795E67";
			isa = PBXBuildFile;
			settings = {
				ATTRIBUTES = (
					);
			};
		};
		002CD7E6BC20C2AF9CC81152 = {
			isa = PBXFileReference;
			name = "abstractTool.cpp";
			path = "abstractTool.cpp";
			refType = 4;
			lastKnownFileType = "sourcecode.cpp.cpp";
		};
		0BADD1D2E82A81042569DE39 = {
			fileRef = "002CD7E6BC20C2AF9CC81152";
			isa = PBXBuildFile;
			settings = {
				ATTRIBUTES = (
					);
			};
		};
		23CE535496FFC76CB25E6984 = {
			isa = PBXFileReference;
			name = "latticeTool.cpp";
			path = "latticeTool.cpp";
			refType = 4;
			lastKnownFileType = "sourcecode.cpp.cpp";
		};
		DB02E77BB09F264F48920E19 = {
			fileRef = "23CE535496FFC76CB25E6984";
			isa = PBXBuildFile;
			settings = {
				ATTRIBUTES = (
					);
			};
		};
		8B6CE0AD15185B857E6B02BB = {
			isa = PBXFileReference;
			name = "imageNavigator.cpp";
			path = "imageNavigator.cpp";
			refType = 4;
			lastKnownFileType = "sourcecode.cpp.cpp";
		};
		32EB9E73C634F050876D1640 = {
			fileRef = "8B6CE0AD15185B857E6B02BB";
			isa = PBXBuildFile;
			settings = {
				ATTRIBUTES = (
					);
			};
		};
		843300B2258281F585B5D01E = {
			isa = PBXFileReference;
			name = "ctfTool.cpp";
			path = "ctfTool.cpp";
			refType = 4;
			lastKnownFileType = "sourcecode.cpp.cpp";
		};
		1C99263E7958D63876FB8B0B = {
			fileRef = "843300B2258281F585B5D01E";
			isa = PBXBuildFile;
			settings = {
				ATTRIBUTES = (
					);
			};
		};
		3444516E84B95DA412C95D6B = {
			isa = PBXFileReference;
			name = "fullScreenImage.cpp";
			path = "fullScreenImage.cpp";
			refType = 4;
			lastKnownFileType = "sourcecode.cpp.cpp";
		};
		CA63E5C9879ED2C1D56081DD = {
			fileRef = "3444516E84B95DA412C95D6B";
			isa = PBXBuildFile;
			settings = {
				ATTRIBUTES = (
					);
			};
		};
		36681FCEC15EE7B1563BED12 = {
			isa = PBXFileReference;
			name = "selectionFFT.cpp";
			path = "selectionFFT.cpp";
			refType = 4;
			lastKnownFileType = "sourcecode.cpp.cpp";
		};
		E84D654B28C78BD51FA85713 = {
			fileRef = "36681FCEC15EE7B1563BED12";
			isa = PBXBuildFile;
			settings = {
				ATTRIBUTES = (
					);
			};
		};
		B8845D8C2004317449D468BE = {
			isa = PBXFileReference;
			name = "colorTool.cpp";
			path = "colorTool.cpp";
			refType = 4;
			lastKnownFileType = "sourcecode.cpp.cpp";
		};
		101EF53146C9387C300923DA = {
			fileRef = "B8845D8C2004317449D468BE";
			isa = PBXBuildFile;
			settings = {
				ATTRIBUTES = (
					);
			};
		};
		DE34AC2DD94DD39EE2AC16A4 = {
			isa = PBXFileReference;
			name = "glWidget.cpp";
			path = "glWidget.cpp";
			refType = 4;
			lastKnownFileType = "sourcecode.cpp.cpp";
		};
		1EE8334BAF01B290B82F1DC4 = {
			fileRef = "DE34AC2DD94DD39EE2AC16A4";
			isa = PBXBuildFile;
			settings = {
				ATTRIBUTES = (
					);
			};
		};
		317F6A877C4E492F74965607 = {
			isa = PBXFileReference;
			name = "zoomWindow.cpp";
			path = "zoomWindow.cpp";
			refType = 4;
			lastKnownFileType = "sourcecode.cpp.cpp";
		};
		CBD256C060910EDB9D076AD8 = {
			fileRef = "317F6A877C4E492F74965607";
			isa = PBXBuildFile;
			settings = {
				ATTRIBUTES = (
					);
			};
		};
		DB10C71717A2FE2907FD4707 = {
			isa = PBXFileReference;
			name = "latticeRefineTool.cpp";
			path = "latticeRefineTool.cpp";
			refType = 4;
			lastKnownFileType = "sourcecode.cpp.cpp";
		};
		9025A9B7B13EB5908A061194 = {
			fileRef = "DB10C71717A2FE2907FD4707";
			isa = PBXBuildFile;
			settings = {
				ATTRIBUTES = (
					);
			};
		};
		6C0916E05A6E5318D07C7EEC = {
			isa = PBXFileReference;
			name = "spotSelectTool.cpp";
			path = "spotSelectTool.cpp";
			refType = 4;
			lastKnownFileType = "sourcecode.cpp.cpp";
		};
		1EB34EEDDB4612D662D158F4 = {
			fileRef = "6C0916E05A6E5318D07C7EEC";
			isa = PBXBuildFile;
			settings = {
				ATTRIBUTES = (
					);
			};
		};
		1703F7DF4E16AF85BF2D239A = {
			isa = PBXFileReference;
			name = "navigatorHelpTool.cpp";
			path = "navigatorHelpTool.cpp";
			refType = 4;
			lastKnownFileType = "sourcecode.cpp.cpp";
		};
		DE0769528383ECACDEE5B591 = {
			fileRef = "1703F7DF4E16AF85BF2D239A";
			isa = PBXBuildFile;
			settings = {
				ATTRIBUTES = (
					);
			};
		};
		CBDDA35A72EE562372535C46 = {
			isa = PBXFileReference;
			name = "mouseAssignTool.cpp";
			path = "mouseAssignTool.cpp";
			refType = 4;
			lastKnownFileType = "sourcecode.cpp.cpp";
		};
		1161AC64FCC3665C5D1D4BEF = {
			fileRef = "CBDDA35A72EE562372535C46";
			isa = PBXBuildFile;
			settings = {
				ATTRIBUTES = (
					);
			};
		};
		2CD53153B00B0E98F0A97A2C = {
			isa = PBXFileReference;
			name = "phaseView.cpp";
			path = "phaseView.cpp";
			refType = 4;
			lastKnownFileType = "sourcecode.cpp.cpp";
		};
		C94D2FF8C929D7B7147A5BCF = {
			fileRef = "2CD53153B00B0E98F0A97A2C";
			isa = PBXBuildFile;
			settings = {
				ATTRIBUTES = (
					);
			};
		};
		D61CA2BF796F97C5F4494F7C = {
			isa = PBXFileReference;
			name = "displayParametersTool.cpp";
			path = "displayParametersTool.cpp";
			refType = 4;
			lastKnownFileType = "sourcecode.cpp.cpp";
		};
		B9FB65C79BF5B73489105FA0 = {
			fileRef = "D61CA2BF796F97C5F4494F7C";
			isa = PBXBuildFile;
			settings = {
				ATTRIBUTES = (
					);
			};
		};
		66B02D53EEA1FD8E308342A3 = {
			isa = PBXFileReference;
			name = "autoImportTool.cpp";
			path = "autoImportTool.cpp";
			refType = 4;
			lastKnownFileType = "sourcecode.cpp.cpp";
		};
		9AC26EAD8940A9AC5721FF4A = {
			fileRef = "66B02D53EEA1FD8E308342A3";
			isa = PBXBuildFile;
			settings = {
				ATTRIBUTES = (
					);
			};
		};
		A927FB4942EB2212E4E5F959 = {
			isa = PBXFileReference;
			name = "importManager.cpp";
			path = "importManager.cpp";
			refType = 4;
			lastKnownFileType = "sourcecode.cpp.cpp";
		};
		EB8FC7B7234946D86B2B24CC = {
			fileRef = "A927FB4942EB2212E4E5F959";
			isa = PBXBuildFile;
			settings = {
				ATTRIBUTES = (
					);
			};
		};
		DEA07BAF95E7E99F20A3434D = {
			isa = PBXFileReference;
			name = "mrcGraphicsItem.cpp";
			path = "mrcGraphicsItem.cpp";
			refType = 4;
			lastKnownFileType = "sourcecode.cpp.cpp";
		};
		9BF36FE4556E2F2759208A41 = {
			fileRef = "DEA07BAF95E7E99F20A3434D";
			isa = PBXBuildFile;
			settings = {
				ATTRIBUTES = (
					);
			};
		};
		A01636209D16830381B13795 = {
			isa = PBXFileReference;
			name = "moc_scriptProgress.cpp";
			path = "moc_scriptProgress.cpp";
			refType = 4;
			lastKnownFileType = "sourcecode.cpp.cpp";
		};
		26E4F4A90B8960F813BDC15E = {
			fileRef = "A01636209D16830381B13795";
			isa = PBXBuildFile;
			settings = {
				ATTRIBUTES = (
					);
			};
		};
		91C212FCECDFFC8E4FAD555F = {
			isa = PBXFileReference;
			name = "moc_aboutWindow.cpp";
			path = "moc_aboutWindow.cpp";
			refType = 4;
			lastKnownFileType = "sourcecode.cpp.cpp";
		};
		A65E77CD246179CE27C47464 = {
			fileRef = "91C212FCECDFFC8E4FAD555F";
			isa = PBXBuildFile;
			settings = {
				ATTRIBUTES = (
					);
			};
		};
		D150C41EA606F124779AFC68 = {
			isa = PBXFileReference;
			name = "moc_graphicalButton.cpp";
			path = "moc_graphicalButton.cpp";
			refType = 4;
			lastKnownFileType = "sourcecode.cpp.cpp";
		};
		7A922396083C3D2BCA749272 = {
			fileRef = "D150C41EA606F124779AFC68";
			isa = PBXBuildFile;
			settings = {
				ATTRIBUTES = (
					);
			};
		};
		05D03EFC323BDEF398DFB9C8 = {
			isa = PBXFileReference;
			name = "moc_viewContainer.cpp";
			path = "moc_viewContainer.cpp";
			refType = 4;
			lastKnownFileType = "sourcecode.cpp.cpp";
		};
		D6E92CC3EA1767DC3ACF9081 = {
			fileRef = "05D03EFC323BDEF398DFB9C8";
			isa = PBXBuildFile;
			settings = {
				ATTRIBUTES = (
					);
			};
		};
		779B986B6FDF1BFA7EC7DA02 = {
			isa = PBXFileReference;
			name = "moc_LogViewer.cpp";
			path = "moc_LogViewer.cpp";
			refType = 4;
			lastKnownFileType = "sourcecode.cpp.cpp";
		};
		3F760F957037AE3539DD8796 = {
			fileRef = "779B986B6FDF1BFA7EC7DA02";
			isa = PBXBuildFile;
			settings = {
				ATTRIBUTES = (
					);
			};
		};
		C980A10AD81DFD2112F86591 = {
			isa = PBXFileReference;
			name = "moc_controlBar.cpp";
			path = "moc_controlBar.cpp";
			refType = 4;
			lastKnownFileType = "sourcecode.cpp.cpp";
		};
		F39984F0B031A673B66CF94D = {
			fileRef = "C980A10AD81DFD2112F86591";
			isa = PBXBuildFile;
			settings = {
				ATTRIBUTES = (
					);
			};
		};
		00689DADA3A72063FA9C2C5B = {
			isa = PBXFileReference;
			name = "moc_confInterface.cpp";
			path = "moc_confInterface.cpp";
			refType = 4;
			lastKnownFileType = "sourcecode.cpp.cpp";
		};
		AF94107041F55DB6F2138D82 = {
			fileRef = "00689DADA3A72063FA9C2C5B";
			isa = PBXBuildFile;
			settings = {
				ATTRIBUTES = (
					);
			};
		};
		43E0ED6E2C86E565244199F6 = {
			isa = PBXFileReference;
			name = "moc_confInput.cpp";
			path = "moc_confInput.cpp";
			refType = 4;
			lastKnownFileType = "sourcecode.cpp.cpp";
		};
		AC3D1D540C5C84EAA8286E31 = {
			fileRef = "43E0ED6E2C86E565244199F6";
			isa = PBXBuildFile;
			settings = {
				ATTRIBUTES = (
					);
			};
		};
		16E0D699071DA3961956F64D = {
			isa = PBXFileReference;
			name = "moc_confValidator.cpp";
			path = "moc_confValidator.cpp";
			refType = 4;
			lastKnownFileType = "sourcecode.cpp.cpp";
		};
		8886AC7927052C6973191ACF = {
			fileRef = "16E0D699071DA3961956F64D";
			isa = PBXBuildFile;
			settings = {
				ATTRIBUTES = (
					);
			};
		};
		08A67900710AF9A2DC157A8B = {
			isa = PBXFileReference;
			name = "moc_levelGroup.cpp";
			path = "moc_levelGroup.cpp";
			refType = 4;
			lastKnownFileType = "sourcecode.cpp.cpp";
		};
		4228C9E2298F90B0C747562D = {
			fileRef = "08A67900710AF9A2DC157A8B";
			isa = PBXBuildFile;
			settings = {
				ATTRIBUTES = (
					);
			};
		};
		40118331840F3F2AE319D1F1 = {
			isa = PBXFileReference;
			name = "moc_imagePreview.cpp";
			path = "moc_imagePreview.cpp";
			refType = 4;
			lastKnownFileType = "sourcecode.cpp.cpp";
		};
		D5F7856A718EC4EC9AF8BD66 = {
			fileRef = "40118331840F3F2AE319D1F1";
			isa = PBXBuildFile;
			settings = {
				ATTRIBUTES = (
					);
			};
		};
		FF07AACA6E0D79D6C926E567 = {
			isa = PBXFileReference;
			name = "moc_scriptModule.cpp";
			path = "moc_scriptModule.cpp";
			refType = 4;
			lastKnownFileType = "sourcecode.cpp.cpp";
		};
		9A97BD8748F7311286C20C47 = {
			fileRef = "FF07AACA6E0D79D6C926E567";
			isa = PBXBuildFile;
			settings = {
				ATTRIBUTES = (
					);
			};
		};
		ACF9018471B4D49058B31A7B = {
			isa = PBXFileReference;
			name = "moc_SpinBoxDelegate.cpp";
			path = "moc_SpinBoxDelegate.cpp";
			refType = 4;
			lastKnownFileType = "sourcecode.cpp.cpp";
		};
		4997AE7062F2C6EB35DA9534 = {
			fileRef = "ACF9018471B4D49058B31A7B";
			isa = PBXBuildFile;
			settings = {
				ATTRIBUTES = (
					);
			};
		};
		2C20D15FB36435F775F873C6 = {
			isa = PBXFileReference;
			name = "moc_phaseView.cpp";
			path = "moc_phaseView.cpp";
			refType = 4;
			lastKnownFileType = "sourcecode.cpp.cpp";
		};
		8C74DE4F45BFA3D01D23B273 = {
			fileRef = "2C20D15FB36435F775F873C6";
			isa = PBXBuildFile;
			settings = {
				ATTRIBUTES = (
					);
			};
		};
		6BD1E8EDDFC231A0180D739E = {
			isa = PBXFileReference;
			name = "moc_confSectionHeader.cpp";
			path = "moc_confSectionHeader.cpp";
			refType = 4;
			lastKnownFileType = "sourcecode.cpp.cpp";
		};
		A96CFFCFD828BEAE2F35BBF5 = {
			fileRef = "6BD1E8EDDFC231A0180D739E";
			isa = PBXBuildFile;
			settings = {
				ATTRIBUTES = (
					);
			};
		};
		859ACA67B5426A163A58DD05 = {
			isa = PBXFileReference;
			name = "moc_imageViewer.cpp";
			path = "moc_imageViewer.cpp";
			refType = 4;
			lastKnownFileType = "sourcecode.cpp.cpp";
		};
		25F650AD4FB9D3CD3FD74B92 = {
			fileRef = "859ACA67B5426A163A58DD05";
			isa = PBXBuildFile;
			settings = {
				ATTRIBUTES = (
					);
			};
		};
		DBF7F5503B785F2C5260BFAC = {
			isa = PBXFileReference;
			name = "moc_confManual.cpp";
			path = "moc_confManual.cpp";
			refType = 4;
			lastKnownFileType = "sourcecode.cpp.cpp";
		};
		4F7F30AC5ADC41DFFDDEBDD9 = {
			fileRef = "DBF7F5503B785F2C5260BFAC";
			isa = PBXBuildFile;
			settings = {
				ATTRIBUTES = (
					);
			};
		};
		6CCBE9081CF6E99FE8EB4488 = {
			isa = PBXFileReference;
			name = "moc_confModel.cpp";
			path = "moc_confModel.cpp";
			refType = 4;
			lastKnownFileType = "sourcecode.cpp.cpp";
		};
		1D1F4EACAB540BDCE435C2C6 = {
			fileRef = "6CCBE9081CF6E99FE8EB4488";
			isa = PBXBuildFile;
			settings = {
				ATTRIBUTES = (
					);
			};
		};
		8BAA28DF60721F2814CB67CF = {
			isa = PBXFileReference;
			name = "moc_textBrowser.cpp";
			path = "moc_textBrowser.cpp";
			refType = 4;
			lastKnownFileType = "sourcecode.cpp.cpp";
		};
		AF9A259D7B2DAD31BAFAD818 = {
			fileRef = "8BAA28DF60721F2814CB67CF";
			isa = PBXBuildFile;
			settings = {
				ATTRIBUTES = (
					);
			};
		};
		1D476F3E3E855D1470F1AE7C = {
			isa = PBXFileReference;
			name = "moc_updateWindow.cpp";
			path = "moc_updateWindow.cpp";
			refType = 4;
			lastKnownFileType = "sourcecode.cpp.cpp";
		};
		5DF68B4B9110041C1FD91700 = {
			fileRef = "1D476F3E3E855D1470F1AE7C";
			isa = PBXBuildFile;
			settings = {
				ATTRIBUTES = (
					);
			};
		};
		EA92647EADF969F08E272A6B = {
			isa = PBXFileReference;
			name = "moc_mrcGraphicsItem.cpp";
			path = "moc_mrcGraphicsItem.cpp";
			refType = 4;
			lastKnownFileType = "sourcecode.cpp.cpp";
		};
		5E0807DC1EC6A11E649EC9AB = {
			fileRef = "EA92647EADF969F08E272A6B";
			isa = PBXBuildFile;
			settings = {
				ATTRIBUTES = (
					);
			};
		};
		7FD489F31145B1017778C85C = {
			isa = PBXFileReference;
			name = "moc_resizeableStackedWidget.cpp";
			path = "moc_resizeableStackedWidget.cpp";
			refType = 4;
			lastKnownFileType = "sourcecode.cpp.cpp";
		};
		2980B919B6AE30397A545396 = {
			fileRef = "7FD489F31145B1017778C85C";
			isa = PBXBuildFile;
			settings = {
				ATTRIBUTES = (
					);
			};
		};
		F080F77BD6F9507D600881F9 = {
			isa = PBXFileReference;
			name = "moc_abstractTool.cpp";
			path = "moc_abstractTool.cpp";
			refType = 4;
			lastKnownFileType = "sourcecode.cpp.cpp";
		};
		B4C52DE4B650DCDF336A431C = {
			fileRef = "F080F77BD6F9507D600881F9";
			isa = PBXBuildFile;
			settings = {
				ATTRIBUTES = (
					);
			};
		};
		E1A0125FFF9C1475617FEFCD = {
			isa = PBXFileReference;
			name = "moc_latticeTool.cpp";
			path = "moc_latticeTool.cpp";
			refType = 4;
			lastKnownFileType = "sourcecode.cpp.cpp";
		};
		2B228A5E71EE0EFC30209D41 = {
			fileRef = "E1A0125FFF9C1475617FEFCD";
			isa = PBXBuildFile;
			settings = {
				ATTRIBUTES = (
					);
			};
		};
		0205A6750CB845D7ADEBC27D = {
			isa = PBXFileReference;
			name = "moc_imageNavigator.cpp";
			path = "moc_imageNavigator.cpp";
			refType = 4;
			lastKnownFileType = "sourcecode.cpp.cpp";
		};
		377DEC3D46C51ECA791B46A5 = {
			fileRef = "0205A6750CB845D7ADEBC27D";
			isa = PBXBuildFile;
			settings = {
				ATTRIBUTES = (
					);
			};
		};
		8A9BA2275F8E089CE20A1C32 = {
			isa = PBXFileReference;
			name = "moc_ctfTool.cpp";
			path = "moc_ctfTool.cpp";
			refType = 4;
			lastKnownFileType = "sourcecode.cpp.cpp";
		};
		AFF312FD785B1F03EDFC80B1 = {
			fileRef = "8A9BA2275F8E089CE20A1C32";
			isa = PBXBuildFile;
			settings = {
				ATTRIBUTES = (
					);
			};
		};
		78E9401957DA8964840E3442 = {
			isa = PBXFileReference;
			name = "moc_fullScreenImage.cpp";
			path = "moc_fullScreenImage.cpp";
			refType = 4;
			lastKnownFileType = "sourcecode.cpp.cpp";
		};
		A84929336394F970D59EA6D0 = {
			fileRef = "78E9401957DA8964840E3442";
			isa = PBXBuildFile;
			settings = {
				ATTRIBUTES = (
					);
			};
		};
		5FD5ACEDCEFBD967CA1DBCB8 = {
			isa = PBXFileReference;
			name = "moc_selectionFFT.cpp";
			path = "moc_selectionFFT.cpp";
			refType = 4;
			lastKnownFileType = "sourcecode.cpp.cpp";
		};
		6D189C31B620AB5C59F1AC49 = {
			fileRef = "5FD5ACEDCEFBD967CA1DBCB8";
			isa = PBXBuildFile;
			settings = {
				ATTRIBUTES = (
					);
			};
		};
		D5646D8EAACFB11706B47505 = {
			isa = PBXFileReference;
			name = "moc_zoomWindow.cpp";
			path = "moc_zoomWindow.cpp";
			refType = 4;
			lastKnownFileType = "sourcecode.cpp.cpp";
		};
		F4477822CC71DAAF1685C10B = {
			fileRef = "D5646D8EAACFB11706B47505";
			isa = PBXBuildFile;
			settings = {
				ATTRIBUTES = (
					);
			};
		};
		2B8C19FF75C66FE36D80CDA2 = {
			isa = PBXFileReference;
			name = "moc_latticeRefineTool.cpp";
			path = "moc_latticeRefineTool.cpp";
			refType = 4;
			lastKnownFileType = "sourcecode.cpp.cpp";
		};
		26F3A58C3D1D73C7E9639450 = {
			fileRef = "2B8C19FF75C66FE36D80CDA2";
			isa = PBXBuildFile;
			settings = {
				ATTRIBUTES = (
					);
			};
		};
		C3A6326285BC497406F24F01 = {
			isa = PBXFileReference;
			name = "moc_spotSelectTool.cpp";
			path = "moc_spotSelectTool.cpp";
			refType = 4;
			lastKnownFileType = "sourcecode.cpp.cpp";
		};
		C6A24D479B0B94BE663165F5 = {
			fileRef = "C3A6326285BC497406F24F01";
			isa = PBXBuildFile;
			settings = {
				ATTRIBUTES = (
					);
			};
		};
		A04C36F060FA652CDC8D4610 = {
			isa = PBXFileReference;
			name = "moc_mouseAssignTool.cpp";
			path = "moc_mouseAssignTool.cpp";
			refType = 4;
			lastKnownFileType = "sourcecode.cpp.cpp";
		};
		341AB540267E920C06563FFF = {
			fileRef = "A04C36F060FA652CDC8D4610";
			isa = PBXBuildFile;
			settings = {
				ATTRIBUTES = (
					);
			};
		};
		177326EE3D160230B3AA606E = {
			isa = PBXFileReference;
			name = "moc_displayParametersTool.cpp";
			path = "moc_displayParametersTool.cpp";
			refType = 4;
			lastKnownFileType = "sourcecode.cpp.cpp";
		};
		AA6642C90BED0A9D9846C5EF = {
			fileRef = "177326EE3D160230B3AA606E";
			isa = PBXBuildFile;
			settings = {
				ATTRIBUTES = (
					);
			};
		};
		1F498F4D101428118253368F = {
			isa = PBXFileReference;
			name = "moc_confEditor.cpp";
			path = "moc_confEditor.cpp";
			refType = 4;
			lastKnownFileType = "sourcecode.cpp.cpp";
		};
		0940B53EAD876516F6EF2DBB = {
			fileRef = "1F498F4D101428118253368F";
			isa = PBXBuildFile;
			settings = {
				ATTRIBUTES = (
					);
			};
		};
		E9FCDE8FB2D094BC6AB0E281 = {
			isa = PBXFileReference;
			name = "moc_colorTool.cpp";
			path = "moc_colorTool.cpp";
			refType = 4;
			lastKnownFileType = "sourcecode.cpp.cpp";
		};
		CA047EFA4D4667E0BAE23DA0 = {
			fileRef = "E9FCDE8FB2D094BC6AB0E281";
			isa = PBXBuildFile;
			settings = {
				ATTRIBUTES = (
					);
			};
		};
		1375C2241121BE157CBA840F = {
			isa = PBXFileReference;
			name = "scriptProgress.h";
			path = "../../../include/scriptProgress.h";
			refType = 4;
		};
		34C2D65F314D1B2CCD286AF2 = {
			isa = PBXFileReference;
			name = "aboutWindow.h";
			path = "../../../include/aboutWindow.h";
			refType = 4;
		};
		6FC5131D3CE85747EA022815 = {
			isa = PBXFileReference;
			name = "graphicalButton.h";
			path = "../../../include/graphicalButton.h";
			refType = 4;
		};
		4656EF6DEE5D29DB6A6D6BCA = {
			isa = PBXFileReference;
			name = "viewContainer.h";
			path = "../../../include/viewContainer.h";
			refType = 4;
		};
		B21D7E9537E02AD253183420 = {
			isa = PBXFileReference;
			name = "LogViewer.h";
			path = "../../../include/LogViewer.h";
			refType = 4;
		};
		5D59A3634BB100164F39D5A9 = {
			isa = PBXFileReference;
			name = "controlBar.h";
			path = "../../../include/controlBar.h";
			refType = 4;
		};
		A31903BA5009E2FD7DAB8BD9 = {
			isa = PBXFileReference;
			name = "confInterface.h";
			path = "../../../include/confInterface.h";
			refType = 4;
		};
		8CDC1E91CE37A0D81535E816 = {
			isa = PBXFileReference;
			name = "confInput.h";
			path = "../../../include/confInput.h";
			refType = 4;
		};
		4271DE323B451F444F2B05DF = {
			isa = PBXFileReference;
			name = "confValidator.h";
			path = "../../../include/confValidator.h";
			refType = 4;
		};
		F76211885F4A33FB4DCE28FD = {
			isa = PBXFileReference;
			name = "levelGroup.h";
			path = "../../../include/levelGroup.h";
			refType = 4;
		};
		E445EF54DF3C444363FC91DE = {
			isa = PBXFileReference;
			name = "mrcHeaderDisplay.h";
			path = "../../../include/mrcHeaderDisplay.h";
			refType = 4;
		};
		FE2BC2F600215D40612A689D = {
			isa = PBXFileReference;
			name = "imagePreview.h";
			path = "../../../include/imagePreview.h";
			refType = 4;
		};
		30A80432C19CA1A3600D09C0 = {
			isa = PBXFileReference;
			name = "scriptModule.h";
			path = "../../../include/scriptModule.h";
			refType = 4;
		};
		4617A6151B0222211B46629A = {
			isa = PBXFileReference;
			name = "SpinBoxDelegate.h";
			path = "../../../include/SpinBoxDelegate.h";
			refType = 4;
		};
		B63790D4083E0AE638677D0A = {
			isa = PBXFileReference;
			name = "phaseView.h";
			path = "../../../include/phaseView.h";
			refType = 4;
		};
		84CF2627BB49546023EB02BB = {
			isa = PBXFileReference;
			name = "confSectionHeader.h";
			path = "../../../include/confSectionHeader.h";
			refType = 4;
		};
		DF7EFDC166C0B48A3B29D4A7 = {
			isa = PBXFileReference;
			name = "imageViewer.h";
			path = "../../../include/imageViewer.h";
			refType = 4;
		};
		5C62C4B69D6C8AD397B146A7 = {
			isa = PBXFileReference;
			name = "confManual.h";
			path = "../../../include/confManual.h";
			refType = 4;
		};
		A37EF20DA83A31B95A5105F5 = {
			isa = PBXFileReference;
			name = "confModel.h";
			path = "../../../include/confModel.h";
			refType = 4;
		};
		D3F2C6263E10727E4B9FDE16 = {
			isa = PBXFileReference;
			name = "textBrowser.h";
			path = "../../../include/textBrowser.h";
			refType = 4;
		};
		AC8D9E5C515553A370CFC812 = {
			isa = PBXFileReference;
			name = "updateWindow.h";
			path = "../../../include/updateWindow.h";
			refType = 4;
		};
		3D6BEAAD15C17A5BFEA74A68 = {
			isa = PBXFileReference;
			name = "mrcGraphicsItem.h";
			path = "../../../include/mrcGraphicsItem.h";
			refType = 4;
		};
		E3E76DB4280A6ED338FFEA7F = {
			isa = PBXFileReference;
			name = "resizeableStackedWidget.h";
			path = "../../../include/resizeableStackedWidget.h";
			refType = 4;
		};
		5C1C1CF98A2E67068133E63F = {
			isa = PBXFileReference;
			name = "abstractTool.h";
			path = "../../../include/abstractTool.h";
			refType = 4;
		};
		4F20A5073AC870A79406C3DF = {
			isa = PBXFileReference;
			name = "latticeTool.h";
			path = "../../../include/latticeTool.h";
			refType = 4;
		};
		05915F836AAC6571698E19D8 = {
			isa = PBXFileReference;
			name = "imageNavigator.h";
			path = "../../../include/imageNavigator.h";
			refType = 4;
		};
		FF6B7AC623C23D85D820F794 = {
			isa = PBXFileReference;
			name = "ctfTool.h";
			path = "../../../include/ctfTool.h";
			refType = 4;
		};
		2E6F05635C2B7DD25F463483 = {
			isa = PBXFileReference;
			name = "fullScreenImage.h";
			path = "../../../include/fullScreenImage.h";
			refType = 4;
		};
		DDAF4D5D4B82123BFFCDC30D = {
			isa = PBXFileReference;
			name = "selectionFFT.h";
			path = "../../../include/selectionFFT.h";
			refType = 4;
		};
		26213A72679E4EAB73C52DBC = {
			isa = PBXFileReference;
			name = "zoomWindow.h";
			path = "../../../include/zoomWindow.h";
			refType = 4;
		};
		D9FB516282981589DF338133 = {
			isa = PBXFileReference;
			name = "latticeRefineTool.h";
			path = "../../../include/latticeRefineTool.h";
			refType = 4;
		};
		94290FC1E08A2EF6B956EBE2 = {
			isa = PBXFileReference;
			name = "spotSelectTool.h";
			path = "../../../include/spotSelectTool.h";
			refType = 4;
		};
		3A5B0094390D18996A989C37 = {
			isa = PBXFileReference;
			name = "navigatorHelpTool.h";
			path = "../../../include/navigatorHelpTool.h";
			refType = 4;
		};
		A34F053243EF26282EBF90B9 = {
			isa = PBXFileReference;
			name = "mouseAssignTool.h";
			path = "../../../include/mouseAssignTool.h";
			refType = 4;
		};
		217F2D1A6D151AF4E238B3C8 = {
			isa = PBXFileReference;
			name = "displayParametersTool.h";
			path = "../../../include/displayParametersTool.h";
			refType = 4;
		};
		ABCF1F8E0A1F4FACDB3C9EBB = {
			isa = PBXFileReference;
			name = "glWidget.h";
			path = "../../../include/glWidget.h";
			refType = 4;
		};
		246046F8B7E60FD994791252 = {
			isa = PBXFileReference;
			name = "autoImportTool.h";
			path = "../../../include/autoImportTool.h";
			refType = 4;
		};
		A6C391EA61AADFB251277060 = {
			isa = PBXFileReference;
			name = "importManager.h";
			path = "../../../include/importManager.h";
			refType = 4;
		};
		A454F1B516DE4275331EFC63 = {
			isa = PBXFileReference;
			name = "confEditor.h";
			path = "../../../include/confEditor.h";
			refType = 4;
		};
		A52C6A70FAFA253428F0BEBA = {
			isa = PBXFileReference;
			name = "colorTool.h";
			path = "../../../include/colorTool.h";
			refType = 4;
		};
		E5EFC0242E5262E8D151D7DE = {
			isa = PBXFileReference;
			name = "qmake.pro";
			path = "qmake.pro";
			refType = 4;
		};
		883D7615C4D2DE3FA1218F12 = {
			isa = PBXGroup;
			children = (
				"4458B98565818D7E2682FA2D");
			name = "Headers";
			refType = 4;
		};
		4458B98565818D7E2682FA2D = {
			isa = PBXGroup;
			children = (
				"E11BEA6A53EB481066C2098B");
			name = "..";
			refType = 4;
		};
		E11BEA6A53EB481066C2098B = {
			isa = PBXGroup;
			children = (
				"40D97C4913EA545E34765B97");
			name = "..";
			refType = 4;
		};
		40D97C4913EA545E34765B97 = {
			isa = PBXGroup;
			children = (
				"6527C0E65E2B4740EA206FB1");
			name = "..";
			refType = 4;
		};
		6527C0E65E2B4740EA206FB1 = {
			isa = PBXGroup;
			children = (
				"1375C2241121BE157CBA840F",
				"34C2D65F314D1B2CCD286AF2",
				"6FC5131D3CE85747EA022815",
				"4656EF6DEE5D29DB6A6D6BCA",
				"B21D7E9537E02AD253183420",
				"5D59A3634BB100164F39D5A9",
				"A31903BA5009E2FD7DAB8BD9",
				"8CDC1E91CE37A0D81535E816",
				"4271DE323B451F444F2B05DF",
				"F76211885F4A33FB4DCE28FD",
				"E445EF54DF3C444363FC91DE",
				"FE2BC2F600215D40612A689D",
				"30A80432C19CA1A3600D09C0",
				"4617A6151B0222211B46629A",
				"B63790D4083E0AE638677D0A",
				"84CF2627BB49546023EB02BB",
				"DF7EFDC166C0B48A3B29D4A7",
				"5C62C4B69D6C8AD397B146A7",
				"A37EF20DA83A31B95A5105F5",
				"D3F2C6263E10727E4B9FDE16",
				"AC8D9E5C515553A370CFC812",
				"3D6BEAAD15C17A5BFEA74A68",
				"E3E76DB4280A6ED338FFEA7F",
				"5C1C1CF98A2E67068133E63F",
				"4F20A5073AC870A79406C3DF",
				"05915F836AAC6571698E19D8",
				"FF6B7AC623C23D85D820F794",
				"2E6F05635C2B7DD25F463483",
				"DDAF4D5D4B82123BFFCDC30D",
				"26213A72679E4EAB73C52DBC",
				"D9FB516282981589DF338133",
				"94290FC1E08A2EF6B956EBE2",
				"3A5B0094390D18996A989C37",
				"A34F053243EF26282EBF90B9",
				"217F2D1A6D151AF4E238B3C8",
				"ABCF1F8E0A1F4FACDB3C9EBB",
				"246046F8B7E60FD994791252",
				"A6C391EA61AADFB251277060",
				"A454F1B516DE4275331EFC63",
				"A52C6A70FAFA253428F0BEBA");
			name = "include";
			refType = 4;
		};
		FB61758D0F0FDA4BA867C3D5 = {
			isa = PBXGroup;
			children = (
				"1AD870355ADB3B6BEF06528C",
				"CBCF998419D0D7D1EAFFFD23",
				"1AE6107D01EFB5B4799061C7",
				"234B301C2315887950C5362F",
				"AED0B67D17D890832F8E797A",
				"197967E930FC01E84D90877F",
				"FE3F1C69CDA9DE344693603C",
				"61B86C1F49D8174F66F29191",
				"AE21B575A264BDCBA8E19ED2",
				"54928632008F9D00F1CAB107",
				"04E53D21F5C9734BA63D088A",
				"FCB0D3924BCD38987A950B63",
				"3B801FC2C95FF102691869E0",
				"8707E45494C33730ADE53FD5",
				"6F52D9B59ED34685E2193BA7",
				"B092BBCF0490A2F48570BF32",
				"40B6F2676CCCD938A3123A64",
				"A596A2A314DAAC45C335FFE6",
				"BC0324106456A7AA626D6565",
				"90A66A3865A75805B03003BE",
				"2A25A374AEC99AFBE30596F4",
				"1C024940F0BFEC58F9795E67",
				"002CD7E6BC20C2AF9CC81152",
				"23CE535496FFC76CB25E6984",
				"8B6CE0AD15185B857E6B02BB",
				"843300B2258281F585B5D01E",
				"3444516E84B95DA412C95D6B",
				"36681FCEC15EE7B1563BED12",
				"B8845D8C2004317449D468BE",
				"DE34AC2DD94DD39EE2AC16A4",
				"317F6A877C4E492F74965607",
				"DB10C71717A2FE2907FD4707",
				"6C0916E05A6E5318D07C7EEC",
				"1703F7DF4E16AF85BF2D239A",
				"CBDDA35A72EE562372535C46",
				"2CD53153B00B0E98F0A97A2C",
				"D61CA2BF796F97C5F4494F7C",
				"66B02D53EEA1FD8E308342A3",
				"A927FB4942EB2212E4E5F959",
				"DEA07BAF95E7E99F20A3434D");
			name = "Sources";
			refType = 4;
		};
		7CABE3C80E79AD2B307756D2 = {
			isa = PBXGroup;
			children = (
				"E5EFC0242E5262E8D151D7DE");
			name = "Sources [qmake]";
			refType = 4;
		};
		46E892BBB6BB6952967E0561 = {
			isa = PBXGroup;
			children = (
				"A01636209D16830381B13795",
				"91C212FCECDFFC8E4FAD555F",
				"D150C41EA606F124779AFC68",
				"05D03EFC323BDEF398DFB9C8",
				"779B986B6FDF1BFA7EC7DA02",
				"C980A10AD81DFD2112F86591",
				"00689DADA3A72063FA9C2C5B",
				"43E0ED6E2C86E565244199F6",
				"16E0D699071DA3961956F64D",
				"08A67900710AF9A2DC157A8B",
				"40118331840F3F2AE319D1F1",
				"FF07AACA6E0D79D6C926E567",
				"ACF9018471B4D49058B31A7B",
				"2C20D15FB36435F775F873C6",
				"6BD1E8EDDFC231A0180D739E",
				"859ACA67B5426A163A58DD05",
				"DBF7F5503B785F2C5260BFAC",
				"6CCBE9081CF6E99FE8EB4488",
				"8BAA28DF60721F2814CB67CF",
				"1D476F3E3E855D1470F1AE7C",
				"EA92647EADF969F08E272A6B",
				"7FD489F31145B1017778C85C",
				"F080F77BD6F9507D600881F9",
				"E1A0125FFF9C1475617FEFCD",
				"0205A6750CB845D7ADEBC27D",
				"8A9BA2275F8E089CE20A1C32",
				"78E9401957DA8964840E3442",
				"5FD5ACEDCEFBD967CA1DBCB8",
				"D5646D8EAACFB11706B47505",
				"2B8C19FF75C66FE36D80CDA2",
				"C3A6326285BC497406F24F01",
				"A04C36F060FA652CDC8D4610",
				"177326EE3D160230B3AA606E",
				"1F498F4D101428118253368F",
				"E9FCDE8FB2D094BC6AB0E281");
			name = "Temporary Sources";
			refType = 4;
		};
		A0A52A2ADF7A1E2A99738674 = {
			buildActionMask = 2147483647;
			files = (
				);
			generatedFileNames = (
				"900703D679C45C77F8680C6D",
				"67C60D1395D67C6C74C0EBA2",
				"2D7C376B94918519F6A1E31B",
				"A1100DFDC04DDF1AF33A9368",
				"7777126CCA15E3C6108A2325",
				"1D4B7BE8147517D207044852",
				"5433709AE8CA5199A0C8C8F6",
				"2CAA0332A5E2C8DA6AE8577B",
				"B556030CD83348563EF6AEC6",
				"10BBE277FC14A0DFDEC247D7",
				"AC39DD04315EE9CDFFC1C6A9",
				"9CEECF978861531F68A25DE6",
				"6DCEB656212B5DEDB1907580",
				"D57C587F3F6D42203AB412E1",
				"14D682CCA5B79D4CD02C9FCC",
				"5B9597D035FDD877B8CF3680",
				"87B974F9BBD9C9692021BAAE",
				"0853934421E8489CC46948C1",
				"BEEF94D1786E263F3238F1CE",
				"B454CABC9F38DAB289D07114",
				"CDE0C8259D9F8A01124C08D4",
				"A62283C6ECAFE0709DAD5763",
				"0BADD1D2E82A81042569DE39",
				"DB02E77BB09F264F48920E19",
				"32EB9E73C634F050876D1640",
				"1C99263E7958D63876FB8B0B",
				"CA63E5C9879ED2C1D56081DD",
				"E84D654B28C78BD51FA85713",
				"101EF53146C9387C300923DA",
				"1EE8334BAF01B290B82F1DC4",
				"CBD256C060910EDB9D076AD8",
				"9025A9B7B13EB5908A061194",
				"1EB34EEDDB4612D662D158F4",
				"DE0769528383ECACDEE5B591",
				"1161AC64FCC3665C5D1D4BEF",
				"C94D2FF8C929D7B7147A5BCF",
				"B9FB65C79BF5B73489105FA0",
				"9AC26EAD8940A9AC5721FF4A",
				"EB8FC7B7234946D86B2B24CC",
				"9BF36FE4556E2F2759208A41",
				"26E4F4A90B8960F813BDC15E",
				"A65E77CD246179CE27C47464",
				"7A922396083C3D2BCA749272",
				"D6E92CC3EA1767DC3ACF9081",
				"3F760F957037AE3539DD8796",
				"F39984F0B031A673B66CF94D",
				"AF94107041F55DB6F2138D82",
				"AC3D1D540C5C84EAA8286E31",
				"8886AC7927052C6973191ACF",
				"4228C9E2298F90B0C747562D",
				"D5F7856A718EC4EC9AF8BD66",
				"9A97BD8748F7311286C20C47",
				"4997AE7062F2C6EB35DA9534",
				"8C74DE4F45BFA3D01D23B273",
				"A96CFFCFD828BEAE2F35BBF5",
				"25F650AD4FB9D3CD3FD74B92",
				"4F7F30AC5ADC41DFFDDEBDD9",
				"1D1F4EACAB540BDCE435C2C6",
				"AF9A259D7B2DAD31BAFAD818",
				"5DF68B4B9110041C1FD91700",
				"5E0807DC1EC6A11E649EC9AB",
				"2980B919B6AE30397A545396",
				"B4C52DE4B650DCDF336A431C",
				"2B228A5E71EE0EFC30209D41",
				"377DEC3D46C51ECA791B46A5",
				"AFF312FD785B1F03EDFC80B1",
				"A84929336394F970D59EA6D0",
				"6D189C31B620AB5C59F1AC49",
				"F4477822CC71DAAF1685C10B",
				"26F3A58C3D1D73C7E9639450",
				"C6A24D479B0B94BE663165F5",
				"341AB540267E920C06563FFF",
				"AA6642C90BED0A9D9846C5EF",
				"0940B53EAD876516F6EF2DBB",
				"CA047EFA4D4667E0BAE23DA0");
			isa = PBXShellScriptBuildPhase;
			name = "Qt Preprocessors";
			neededFileNames = (
				"900703D679C45C77F8680C6D",
				"67C60D1395D67C6C74C0EBA2",
				"2D7C376B94918519F6A1E31B",
				"A1100DFDC04DDF1AF33A9368",
				"7777126CCA15E3C6108A2325",
				"1D4B7BE8147517D207044852",
				"5433709AE8CA5199A0C8C8F6",
				"2CAA0332A5E2C8DA6AE8577B",
				"B556030CD83348563EF6AEC6",
				"10BBE277FC14A0DFDEC247D7",
				"AC39DD04315EE9CDFFC1C6A9",
				"9CEECF978861531F68A25DE6",
				"6DCEB656212B5DEDB1907580",
				"D57C587F3F6D42203AB412E1",
				"14D682CCA5B79D4CD02C9FCC",
				"5B9597D035FDD877B8CF3680",
				"87B974F9BBD9C9692021BAAE",
				"0853934421E8489CC46948C1",
				"BEEF94D1786E263F3238F1CE",
				"B454CABC9F38DAB289D07114",
				"CDE0C8259D9F8A01124C08D4",
				"A62283C6ECAFE0709DAD5763",
				"0BADD1D2E82A81042569DE39",
				"DB02E77BB09F264F48920E19",
				"32EB9E73C634F050876D1640",
				"1C99263E7958D63876FB8B0B",
				"CA63E5C9879ED2C1D56081DD",
				"E84D654B28C78BD51FA85713",
				"101EF53146C9387C300923DA",
				"1EE8334BAF01B290B82F1DC4",
				"CBD256C060910EDB9D076AD8",
				"9025A9B7B13EB5908A061194",
				"1EB34EEDDB4612D662D158F4",
				"DE0769528383ECACDEE5B591",
				"1161AC64FCC3665C5D1D4BEF",
				"C94D2FF8C929D7B7147A5BCF",
				"B9FB65C79BF5B73489105FA0",
				"9AC26EAD8940A9AC5721FF4A",
				"EB8FC7B7234946D86B2B24CC",
				"9BF36FE4556E2F2759208A41",
				"26E4F4A90B8960F813BDC15E",
				"A65E77CD246179CE27C47464",
				"7A922396083C3D2BCA749272",
				"D6E92CC3EA1767DC3ACF9081",
				"3F760F957037AE3539DD8796",
				"F39984F0B031A673B66CF94D",
				"AF94107041F55DB6F2138D82",
				"AC3D1D540C5C84EAA8286E31",
				"8886AC7927052C6973191ACF",
				"4228C9E2298F90B0C747562D",
				"D5F7856A718EC4EC9AF8BD66",
				"9A97BD8748F7311286C20C47",
				"4997AE7062F2C6EB35DA9534",
				"8C74DE4F45BFA3D01D23B273",
				"A96CFFCFD828BEAE2F35BBF5",
				"25F650AD4FB9D3CD3FD74B92",
				"4F7F30AC5ADC41DFFDDEBDD9",
				"1D1F4EACAB540BDCE435C2C6",
				"AF9A259D7B2DAD31BAFAD818",
				"5DF68B4B9110041C1FD91700",
				"5E0807DC1EC6A11E649EC9AB",
				"2980B919B6AE30397A545396",
				"B4C52DE4B650DCDF336A431C",
				"2B228A5E71EE0EFC30209D41",
				"377DEC3D46C51ECA791B46A5",
				"AFF312FD785B1F03EDFC80B1",
				"A84929336394F970D59EA6D0",
				"6D189C31B620AB5C59F1AC49",
				"F4477822CC71DAAF1685C10B",
				"26F3A58C3D1D73C7E9639450",
				"C6A24D479B0B94BE663165F5",
				"341AB540267E920C06563FFF",
				"AA6642C90BED0A9D9846C5EF",
				"0940B53EAD876516F6EF2DBB",
				"CA047EFA4D4667E0BAE23DA0");
			shellPath = "/bin/sh";
			shellScript = "make\ -C\ /Users/gipsonb/Projects/2dx-stable/lib/src/widgets\ -f\ widgets.xcodeproj/qt_preprocess.mak";
		};
		C29B8785722055ED95EF7B57 = {
			buildActionMask = 2147483647;
			files = (
				"900703D679C45C77F8680C6D",
				"67C60D1395D67C6C74C0EBA2",
				"2D7C376B94918519F6A1E31B",
				"A1100DFDC04DDF1AF33A9368",
				"7777126CCA15E3C6108A2325",
				"1D4B7BE8147517D207044852",
				"5433709AE8CA5199A0C8C8F6",
				"2CAA0332A5E2C8DA6AE8577B",
				"B556030CD83348563EF6AEC6",
				"10BBE277FC14A0DFDEC247D7",
				"AC39DD04315EE9CDFFC1C6A9",
				"9CEECF978861531F68A25DE6",
				"6DCEB656212B5DEDB1907580",
				"D57C587F3F6D42203AB412E1",
				"14D682CCA5B79D4CD02C9FCC",
				"5B9597D035FDD877B8CF3680",
				"87B974F9BBD9C9692021BAAE",
				"0853934421E8489CC46948C1",
				"BEEF94D1786E263F3238F1CE",
				"B454CABC9F38DAB289D07114",
				"CDE0C8259D9F8A01124C08D4",
				"A62283C6ECAFE0709DAD5763",
				"0BADD1D2E82A81042569DE39",
				"DB02E77BB09F264F48920E19",
				"32EB9E73C634F050876D1640",
				"1C99263E7958D63876FB8B0B",
				"CA63E5C9879ED2C1D56081DD",
				"E84D654B28C78BD51FA85713",
				"101EF53146C9387C300923DA",
				"1EE8334BAF01B290B82F1DC4",
				"CBD256C060910EDB9D076AD8",
				"9025A9B7B13EB5908A061194",
				"1EB34EEDDB4612D662D158F4",
				"DE0769528383ECACDEE5B591",
				"1161AC64FCC3665C5D1D4BEF",
				"C94D2FF8C929D7B7147A5BCF",
				"B9FB65C79BF5B73489105FA0",
				"9AC26EAD8940A9AC5721FF4A",
				"EB8FC7B7234946D86B2B24CC",
				"9BF36FE4556E2F2759208A41",
				"26E4F4A90B8960F813BDC15E",
				"A65E77CD246179CE27C47464",
				"7A922396083C3D2BCA749272",
				"D6E92CC3EA1767DC3ACF9081",
				"3F760F957037AE3539DD8796",
				"F39984F0B031A673B66CF94D",
				"AF94107041F55DB6F2138D82",
				"AC3D1D540C5C84EAA8286E31",
				"8886AC7927052C6973191ACF",
				"4228C9E2298F90B0C747562D",
				"D5F7856A718EC4EC9AF8BD66",
				"9A97BD8748F7311286C20C47",
				"4997AE7062F2C6EB35DA9534",
				"8C74DE4F45BFA3D01D23B273",
				"A96CFFCFD828BEAE2F35BBF5",
				"25F650AD4FB9D3CD3FD74B92",
				"4F7F30AC5ADC41DFFDDEBDD9",
				"1D1F4EACAB540BDCE435C2C6",
				"AF9A259D7B2DAD31BAFAD818",
				"5DF68B4B9110041C1FD91700",
				"5E0807DC1EC6A11E649EC9AB",
				"2980B919B6AE30397A545396",
				"B4C52DE4B650DCDF336A431C",
				"2B228A5E71EE0EFC30209D41",
				"377DEC3D46C51ECA791B46A5",
				"AFF312FD785B1F03EDFC80B1",
				"A84929336394F970D59EA6D0",
				"6D189C31B620AB5C59F1AC49",
				"F4477822CC71DAAF1685C10B",
				"26F3A58C3D1D73C7E9639450",
				"C6A24D479B0B94BE663165F5",
				"341AB540267E920C06563FFF",
				"AA6642C90BED0A9D9846C5EF",
				"0940B53EAD876516F6EF2DBB",
				"CA047EFA4D4667E0BAE23DA0");
			isa = PBXSourcesBuildPhase;
			name = "Build Sources";
		};
		2A1043669E6E5A7426EA502A = {
			buildActionMask = 2147483647;
			files = (
				);
			isa = PBXFrameworksBuildPhase;
			name = "Frameworks & Libraries";
		};
		F6069D5A5DA8AA28EDB8B3C6 = {
			name = "Project Copy";
			buildActionMask = 2147483647;
			dstPath = "/Users/gipsonb/Projects/2dx-stable/lib/common";
			dstSubfolderSpec = 0;
			files = (
"07E0DFA73EB56DCB9E28CDD9");
			isa = PBXCopyFilesBuildPhase;
			runOnlyForDeploymentPostprocessing = 0;
		};
		07E0DFA73EB56DCB9E28CDD9 = {
			fileRef = "8570E0FBA5AE010A31C6E593";
			isa = PBXBuildFile;
			settings = {
			};
		};
		05596AB53D8D521C69802C27 = {
			children = (
				"FB61758D0F0FDA4BA867C3D5",
				"46E892BBB6BB6952967E0561",
				"883D7615C4D2DE3FA1218F12",
				"7CABE3C80E79AD2B307756D2");
			isa = PBXGroup;
			name = "widgets";
			path = "";
			refType = 4;
		};
		8570E0FBA5AE010A31C6E593 = {
			isa = PBXFileReference;
			explicitFileType = "compiled.mach-o.dylib";
			path = "libwidgets.a";
			refType = 3;
			sourceTree = BUILT_PRODUCTS_DIR;
		};
		068F80C7519D0528FB08E821 = {
			children = (
				"8570E0FBA5AE010A31C6E593");
			isa = PBXGroup;
			name = "Products";
			refType = 4;
		};
		5BF51B88E831EA344E23A0CD = {
			buildPhases = (
				"D7BA7D76DAB5DD13389D6332",
				"A0A52A2ADF7A1E2A99738674",
				"F6069D5A5DA8AA28EDB8B3C6",
				"C29B8785722055ED95EF7B57",
				"2A1043669E6E5A7426EA502A");
			buildSettings = {
				HEADER_SEARCH_PATHS = (
					"/Library/Frameworks/QtCore.framework/Versions/4/Headers",
					"/usr/include/QtCore",
					"/Library/Frameworks/QtNetwork.framework/Versions/4/Headers",
					"/usr/include/QtNetwork",
					"/Library/Frameworks/QtGui.framework/Versions/4/Headers",
					"/usr/include/QtGui",
					"/Library/Frameworks/QtOpenGL.framework/Versions/4/Headers",
					"/usr/include/QtOpenGL",
					"/Library/Frameworks/QtScript.framework/Versions/4/Headers",
					"/usr/include/QtScript",
					"/usr/include",
					"../../../include",
					"/System/Library/Frameworks/OpenGL.framework/Versions/A/Headers",
					"/System/Library/Frameworks/AGL.framework/Headers",
					".",
					".",
					"/usr/local/include",
					"/System/Library/Frameworks/CarbonCore.framework/Headers",
					"/usr/local/Qt4.5/mkspecs/macx-xcode");
				LIBRARY_SEARCH_PATHS = (
					);
				OPTIMIZATION_CFLAGS = (
					);
				OTHER_CFLAGS = (
					"-pipe",
					"-g",
					"-fPIC",
					"-Wall",
					"-W",
					"-DQT_SCRIPT_LIB",
					"-DQT_OPENGL_LIB",
					"-DQT_GUI_LIB",
					"-DQT_NETWORK_LIB",
					"-DQT_CORE_LIB",
					"-DQT_SHARED");
				OTHER_CPLUSPLUSFLAGS = (
					"-pipe",
					"-g",
					"-fPIC",
					"-Wall",
					"-W",
					"-DQT_SCRIPT_LIB",
					"-DQT_OPENGL_LIB",
					"-DQT_GUI_LIB",
					"-DQT_NETWORK_LIB",
					"-DQT_CORE_LIB",
					"-DQT_SHARED");
				LEXFLAGS = "";
				YACCFLAGS = "-d";
				OTHER_REZFLAGS = "";
				SECTORDER_FLAGS = "";
				WARNING_CFLAGS = "";
				PREBINDING = NO;
				BUILD_ROOT = "/Users/gipsonb/Projects/2dx-stable/lib/src/widgets";
				INSTALL_DIR = "/Users/gipsonb/Projects/2dx-stable/lib/src/widgets/../../common/";
				INSTALL_PATH = "";
				DYLIB_CURRENT_VERSION = "1.0.0";
				DYLIB_COMPATIBILITY_VERSION = "1.0";
				MACOSX_DEPLOYMENT_TARGET = "10.3";
				LIBRARY_STYLE = "STATIC";
				PRODUCT_NAME = "widgets";
			};
			conditionalBuildSettings = {
			};
			dependencies = (
				);
			productReference = "8570E0FBA5AE010A31C6E593";
			shouldUseHeadermap = 1;
			isa = PBXNativeTarget;
			name = "widgets";
			productName = "widgets";
			productType = "com.apple.product-type.library.static";
			startupPath = "<<ProjectDirectory>>";
			productInstallPath = "../../common/";
		};
		8DB1DD96F65B1BF1FFC506E0 = {
			isa = XCBuildConfiguration;
			buildSettings = {
				COPY_PHASE_STRIP = "NO";
				GCC_GENERATE_DEBUGGING_SYMBOLS = "YES";
				GCC_OPTIMIZATION_LEVEL = "0";
			};
			name = "Debug";
		};
		2C641C3335766025DD51B7BD = {
			buildRules = (
				);
			buildSettings = {
				COPY_PHASE_STRIP = "NO";
				GCC_GENERATE_DEBUGGING_SYMBOLS = "YES";
				GCC_OPTIMIZATION_LEVEL = "0";
			};
			isa = "PBXBuildStyle";
			name = "Debug";
		};
		95E1EB2E5DDD587BE5B3E548 = {
			isa = XCBuildConfiguration;
			buildSettings = {
				COPY_PHASE_STRIP = "YES";
				GCC_GENERATE_DEBUGGING_SYMBOLS = "NO";
			};
			name = "Release";
		};
		26DE8D2AEA4B3714B41E931F = {
			buildRules = (
				);
			buildSettings = {
				COPY_PHASE_STRIP = "YES";
				GCC_GENERATE_DEBUGGING_SYMBOLS = "NO";
			};
			isa = "PBXBuildStyle";
			name = "Release";
		};
		2A951308CDB28F104D0A4BD2 = {
			isa = XCConfigurationList;
			buildConfigurations = (
				"8DB1DD96F65B1BF1FFC506E0",
				"95E1EB2E5DDD587BE5B3E548");
			defaultConfigurationIsVisible = 0;
			defaultConfigurationIsName = "Debug";
		};
		91B15E841AA80083484172DE = {
			buildStyles = (
				"2C641C3335766025DD51B7BD",
				"26DE8D2AEA4B3714B41E931F");
			hasScannedForEncodings = 1;
			isa = PBXProject;
			mainGroup = "05596AB53D8D521C69802C27";
			buildConfigurationList = "2A951308CDB28F104D0A4BD2";
			projectDirPath = "";
			targets = (
				"5BF51B88E831EA344E23A0CD");
		};
	};
	rootObject = "91B15E841AA80083484172DE";
}
